// !$*UTF8*$!
{
	archiveVersion = 1;
	classes = {
	};
	objectVersion = 55;
	objects = {

/* Begin PBXBuildFile section */
		B204393B2834AC9200429E20 /* SQLite in Frameworks */ = {isa = PBXBuildFile; productRef = B204393A2834AC9200429E20 /* SQLite */; };
		B204393D2834CD2500429E20 /* data.json in Resources */ = {isa = PBXBuildFile; fileRef = B204393C2834CD2500429E20 /* data.json */; };
		B20439432834EAF200429E20 /* ProfileResolver+ext.swift in Sources */ = {isa = PBXBuildFile; fileRef = B20439422834EAF200429E20 /* ProfileResolver+ext.swift */; };
		B20439482834EB9E00429E20 /* ProfileViewModel.swift in Sources */ = {isa = PBXBuildFile; fileRef = B20439472834EB9E00429E20 /* ProfileViewModel.swift */; };
		B204394A2834EBD600429E20 /* ProfileView.swift in Sources */ = {isa = PBXBuildFile; fileRef = B20439492834EBD600429E20 /* ProfileView.swift */; };
		B204394C2834F54F00429E20 /* Profile.swift in Sources */ = {isa = PBXBuildFile; fileRef = B204394B2834F54F00429E20 /* Profile.swift */; };
		B204394E2834F5AC00429E20 /* UserCard.swift in Sources */ = {isa = PBXBuildFile; fileRef = B204394D2834F5AC00429E20 /* UserCard.swift */; };
		B20439502834F64F00429E20 /* ProfileEventBus.swift in Sources */ = {isa = PBXBuildFile; fileRef = B204394F2834F64F00429E20 /* ProfileEventBus.swift */; };
		B20439522834F6AB00429E20 /* FakeProfileEventBus .swift in Sources */ = {isa = PBXBuildFile; fileRef = B20439512834F6AB00429E20 /* FakeProfileEventBus .swift */; };
		B20439542835094500429E20 /* Validators.swift in Sources */ = {isa = PBXBuildFile; fileRef = B20439532835094500429E20 /* Validators.swift */; };
		B204395B28350BA100429E20 /* ActivityIndicatorView.swift in Sources */ = {isa = PBXBuildFile; fileRef = B204395528350BA000429E20 /* ActivityIndicatorView.swift */; };
		B204395C28350BA100429E20 /* EmptyView.swift in Sources */ = {isa = PBXBuildFile; fileRef = B204395628350BA000429E20 /* EmptyView.swift */; };
		B204396028350BA100429E20 /* LoadingView.swift in Sources */ = {isa = PBXBuildFile; fileRef = B204395A28350BA000429E20 /* LoadingView.swift */; };
		B204396228350BAE00429E20 /* URLSession+ext.swift in Sources */ = {isa = PBXBuildFile; fileRef = B204396128350BAE00429E20 /* URLSession+ext.swift */; };
		B204396B2835172D00429E20 /* FoodView.swift in Sources */ = {isa = PBXBuildFile; fileRef = B204396A2835172D00429E20 /* FoodView.swift */; };
		B204396D283519AB00429E20 /* FoodListView.swift in Sources */ = {isa = PBXBuildFile; fileRef = B204396C283519AB00429E20 /* FoodListView.swift */; };
		B204396F28351AAA00429E20 /* FoodViewModel.swift in Sources */ = {isa = PBXBuildFile; fileRef = B204396E28351AAA00429E20 /* FoodViewModel.swift */; };
		B204397128351B0400429E20 /* FoodListViewModel.swift in Sources */ = {isa = PBXBuildFile; fileRef = B204397028351B0400429E20 /* FoodListViewModel.swift */; };
		B204397328351D2E00429E20 /* RestaurantResolver+ext.swift in Sources */ = {isa = PBXBuildFile; fileRef = B204397228351D2E00429E20 /* RestaurantResolver+ext.swift */; };
		B20439752835221C00429E20 /* FoodDetailsView.swift in Sources */ = {isa = PBXBuildFile; fileRef = B20439742835221C00429E20 /* FoodDetailsView.swift */; };
		B204397C28353A1000429E20 /* LoginViewModel.swift in Sources */ = {isa = PBXBuildFile; fileRef = B204397B28353A1000429E20 /* LoginViewModel.swift */; };
		B204397E28353AA600429E20 /* LoginView.swift in Sources */ = {isa = PBXBuildFile; fileRef = B204397D28353AA600429E20 /* LoginView.swift */; };
		B204398028353BAB00429E20 /* SecurityResolver+ext.swift in Sources */ = {isa = PBXBuildFile; fileRef = B204397F28353BAB00429E20 /* SecurityResolver+ext.swift */; };
		B294F973283623C400D12101 /* OrderViewModel.swift in Sources */ = {isa = PBXBuildFile; fileRef = B294F972283623C400D12101 /* OrderViewModel.swift */; };
		B294F9752836240500D12101 /* OrderEntryViewModel.swift in Sources */ = {isa = PBXBuildFile; fileRef = B294F9742836240500D12101 /* OrderEntryViewModel.swift */; };
		B294F9772836247100D12101 /* OrderView.swift in Sources */ = {isa = PBXBuildFile; fileRef = B294F9762836247100D12101 /* OrderView.swift */; };
		DF26CEE02832402D00B0F60B /* GoodWeatherApp.swift in Sources */ = {isa = PBXBuildFile; fileRef = DF26CEDF2832402D00B0F60B /* GoodWeatherApp.swift */; };
		DF26CEE22832402D00B0F60B /* ForecastRouterView.swift in Sources */ = {isa = PBXBuildFile; fileRef = DF26CEE12832402D00B0F60B /* ForecastRouterView.swift */; };
		DF26CEE42832402E00B0F60B /* Assets.xcassets in Resources */ = {isa = PBXBuildFile; fileRef = DF26CEE32832402E00B0F60B /* Assets.xcassets */; };
		DF26CEE72832402E00B0F60B /* Preview Assets.xcassets in Resources */ = {isa = PBXBuildFile; fileRef = DF26CEE62832402E00B0F60B /* Preview Assets.xcassets */; };
		DF26CEF12832402E00B0F60B /* GoodWeatherTests.swift in Sources */ = {isa = PBXBuildFile; fileRef = DF26CEF02832402E00B0F60B /* GoodWeatherTests.swift */; };
		DF26CEFB2832402E00B0F60B /* GoodWeatherUITests.swift in Sources */ = {isa = PBXBuildFile; fileRef = DF26CEFA2832402E00B0F60B /* GoodWeatherUITests.swift */; };
		DF26CEFD2832402E00B0F60B /* GoodWeatherUITestsLaunchTests.swift in Sources */ = {isa = PBXBuildFile; fileRef = DF26CEFC2832402E00B0F60B /* GoodWeatherUITestsLaunchTests.swift */; };
		DF26CF0F283241E300B0F60B /* GetForecastUseCase.swift in Sources */ = {isa = PBXBuildFile; fileRef = DF26CF0E283241E300B0F60B /* GetForecastUseCase.swift */; };
		DF26CF11283243F800B0F60B /* GetForecastError.swift in Sources */ = {isa = PBXBuildFile; fileRef = DF26CF10283243F800B0F60B /* GetForecastError.swift */; };
		DF26CF132832445A00B0F60B /* DayForecast.swift in Sources */ = {isa = PBXBuildFile; fileRef = DF26CF122832445A00B0F60B /* DayForecast.swift */; };
		DF26CF15283244C400B0F60B /* Forecast.swift in Sources */ = {isa = PBXBuildFile; fileRef = DF26CF14283244C400B0F60B /* Forecast.swift */; };
		DF26CF18283245DD00B0F60B /* ForecastProvider.swift in Sources */ = {isa = PBXBuildFile; fileRef = DF26CF17283245DD00B0F60B /* ForecastProvider.swift */; };
		DF26CF1A2832465700B0F60B /* ForecastProviderError.swift in Sources */ = {isa = PBXBuildFile; fileRef = DF26CF192832465700B0F60B /* ForecastProviderError.swift */; };
		DF26CF1D2832472D00B0F60B /* ForecastQueries.swift in Sources */ = {isa = PBXBuildFile; fileRef = DF26CF1C2832472D00B0F60B /* ForecastQueries.swift */; };
		DF26CF1F283247F300B0F60B /* ForecastUpdates.swift in Sources */ = {isa = PBXBuildFile; fileRef = DF26CF1E283247F300B0F60B /* ForecastUpdates.swift */; };
		DF26CF222832486E00B0F60B /* LocationProvider.swift in Sources */ = {isa = PBXBuildFile; fileRef = DF26CF212832486E00B0F60B /* LocationProvider.swift */; };
		DF26CF242832494200B0F60B /* GetForecastService.swift in Sources */ = {isa = PBXBuildFile; fileRef = DF26CF232832494200B0F60B /* GetForecastService.swift */; };
		DF26CF272832521100B0F60B /* FakeForecastProvider.swift in Sources */ = {isa = PBXBuildFile; fileRef = DF26CF262832521100B0F60B /* FakeForecastProvider.swift */; };
		DF26CF2A2832535E00B0F60B /* FakeLocationProvider.swift in Sources */ = {isa = PBXBuildFile; fileRef = DF26CF292832535E00B0F60B /* FakeLocationProvider.swift */; };
		DF26CF2D2832543A00B0F60B /* FakeForecastRepository.swift in Sources */ = {isa = PBXBuildFile; fileRef = DF26CF2C2832543A00B0F60B /* FakeForecastRepository.swift */; };
		DF26CF322832562100B0F60B /* ForecastView.swift in Sources */ = {isa = PBXBuildFile; fileRef = DF26CF312832562100B0F60B /* ForecastView.swift */; };
		DF26CF37283256F000B0F60B /* ForecastRouter.swift in Sources */ = {isa = PBXBuildFile; fileRef = DF26CF36283256F000B0F60B /* ForecastRouter.swift */; };
		DF26CF392832584A00B0F60B /* ForecastDetailsView.swift in Sources */ = {isa = PBXBuildFile; fileRef = DF26CF382832584A00B0F60B /* ForecastDetailsView.swift */; };
		DF26CF3B283258EC00B0F60B /* ForecastViewModel.swift in Sources */ = {isa = PBXBuildFile; fileRef = DF26CF3A283258EC00B0F60B /* ForecastViewModel.swift */; };
		DF26CF3D2832594B00B0F60B /* DayForecastViewModel.swift in Sources */ = {isa = PBXBuildFile; fileRef = DF26CF3C2832594B00B0F60B /* DayForecastViewModel.swift */; };
		DF26CF422832605600B0F60B /* Color+ext.swift in Sources */ = {isa = PBXBuildFile; fileRef = DF26CF412832605600B0F60B /* Color+ext.swift */; };
		DF26CF442832621400B0F60B /* Image+ext.swift in Sources */ = {isa = PBXBuildFile; fileRef = DF26CF432832621400B0F60B /* Image+ext.swift */; };
		DF26CF472832644900B0F60B /* Text+ext.swift in Sources */ = {isa = PBXBuildFile; fileRef = DF26CF462832644900B0F60B /* Text+ext.swift */; };
		DF26CF492832651A00B0F60B /* View+ext.swift in Sources */ = {isa = PBXBuildFile; fileRef = DF26CF482832651A00B0F60B /* View+ext.swift */; };
		DF26CF4B2832769100B0F60B /* ForecastViewModelMapper.swift in Sources */ = {isa = PBXBuildFile; fileRef = DF26CF4A2832769100B0F60B /* ForecastViewModelMapper.swift */; };
		DF26CF4D28327A3B00B0F60B /* DayForecastView.swift in Sources */ = {isa = PBXBuildFile; fileRef = DF26CF4C28327A3B00B0F60B /* DayForecastView.swift */; };
		DF26CF5128327F3A00B0F60B /* ForecastRoute.swift in Sources */ = {isa = PBXBuildFile; fileRef = DF26CF5028327F3900B0F60B /* ForecastRoute.swift */; };
		DF26CF53283283ED00B0F60B /* ForecastSettingsView.swift in Sources */ = {isa = PBXBuildFile; fileRef = DF26CF52283283ED00B0F60B /* ForecastSettingsView.swift */; };
		DF26CF552832863A00B0F60B /* DefaultButtonStyle.swift in Sources */ = {isa = PBXBuildFile; fileRef = DF26CF542832863A00B0F60B /* DefaultButtonStyle.swift */; };
		DF26CF58283290FF00B0F60B /* CityDto.swift in Sources */ = {isa = PBXBuildFile; fileRef = DF26CF57283290FF00B0F60B /* CityDto.swift */; };
		DF26CF5A2832916F00B0F60B /* ConditionsDto.swift in Sources */ = {isa = PBXBuildFile; fileRef = DF26CF592832916F00B0F60B /* ConditionsDto.swift */; };
		DF26CF5C283291A300B0F60B /* TemperatureDto.swift in Sources */ = {isa = PBXBuildFile; fileRef = DF26CF5B283291A300B0F60B /* TemperatureDto.swift */; };
		DF26CF5E283291CE00B0F60B /* DayForecastDto.swift in Sources */ = {isa = PBXBuildFile; fileRef = DF26CF5D283291CE00B0F60B /* DayForecastDto.swift */; };
		DF26CF602832928000B0F60B /* ForecastDto.swift in Sources */ = {isa = PBXBuildFile; fileRef = DF26CF5F2832928000B0F60B /* ForecastDto.swift */; };
		DF26CF622832931800B0F60B /* URLSessionForecastProvider.swift in Sources */ = {isa = PBXBuildFile; fileRef = DF26CF612832931800B0F60B /* URLSessionForecastProvider.swift */; };
		DF26CF642832935800B0F60B /* URLSessionForecastProviderAdapter.swift in Sources */ = {isa = PBXBuildFile; fileRef = DF26CF632832935800B0F60B /* URLSessionForecastProviderAdapter.swift */; };
		DF26CF66283293EF00B0F60B /* URLSessionForecastProviderMapper.swift in Sources */ = {isa = PBXBuildFile; fileRef = DF26CF65283293EF00B0F60B /* URLSessionForecastProviderMapper.swift */; };
		DF26CF682832957E00B0F60B /* URLSessionForecastProviderError.swift in Sources */ = {isa = PBXBuildFile; fileRef = DF26CF672832957E00B0F60B /* URLSessionForecastProviderError.swift */; };
		DF26CF6A28329DBF00B0F60B /* UI+ext.swift in Sources */ = {isa = PBXBuildFile; fileRef = DF26CF6928329DBF00B0F60B /* UI+ext.swift */; };
		DF61FD3C283385690018C770 /* SqlForecastRepository.swift in Sources */ = {isa = PBXBuildFile; fileRef = DF61FD3B283385690018C770 /* SqlForecastRepository.swift */; };
		DF61FD3E283391E70018C770 /* CoreLocationProvider.swift in Sources */ = {isa = PBXBuildFile; fileRef = DF61FD3D283391E70018C770 /* CoreLocationProvider.swift */; };
		DF61FD46283399280018C770 /* Resolver in Frameworks */ = {isa = PBXBuildFile; productRef = DF61FD45283399280018C770 /* Resolver */; };
		DF61FD482833996A0018C770 /* Resolver+ext.swift in Sources */ = {isa = PBXBuildFile; fileRef = DF61FD472833996A0018C770 /* Resolver+ext.swift */; };
		DF61FD4A283399F30018C770 /* ForecastResolver+ext.swift in Sources */ = {isa = PBXBuildFile; fileRef = DF61FD49283399F30018C770 /* ForecastResolver+ext.swift */; };
		DF61FD4C2833A3360018C770 /* Capitalized.swift in Sources */ = {isa = PBXBuildFile; fileRef = DF61FD4B2833A3360018C770 /* Capitalized.swift */; };
		DF61FD4E2833A4850018C770 /* UserProperty.swift in Sources */ = {isa = PBXBuildFile; fileRef = DF61FD4D2833A4850018C770 /* UserProperty.swift */; };
		DF61FDA02833C6B30018C770 /* CoreDataStack.swift in Sources */ = {isa = PBXBuildFile; fileRef = DF61FD9F2833C6B30018C770 /* CoreDataStack.swift */; };
		DF61FDA32833CA800018C770 /* ForecastModel.xcdatamodeld in Sources */ = {isa = PBXBuildFile; fileRef = DF61FDA12833CA800018C770 /* ForecastModel.xcdatamodeld */; };
		DF61FDBD2833CEE20018C770 /* CoreDataForecastRepository.swift in Sources */ = {isa = PBXBuildFile; fileRef = DF61FDBC2833CEE20018C770 /* CoreDataForecastRepository.swift */; };
		DF61FDBF2833CF230018C770 /* CoreDataForecastRepositoryAdapter.swift in Sources */ = {isa = PBXBuildFile; fileRef = DF61FDBE2833CF230018C770 /* CoreDataForecastRepositoryAdapter.swift */; };
		DF61FDC12833CF860018C770 /* CoreDataForecastRepositoryMapper.swift in Sources */ = {isa = PBXBuildFile; fileRef = DF61FDC02833CF860018C770 /* CoreDataForecastRepositoryMapper.swift */; };
		DF61FDD82833DA710018C770 /* CityEntity+CoreDataClass.swift in Sources */ = {isa = PBXBuildFile; fileRef = DF61FDD42833DA710018C770 /* CityEntity+CoreDataClass.swift */; };
		DF61FDD92833DA710018C770 /* CityEntity+CoreDataProperties.swift in Sources */ = {isa = PBXBuildFile; fileRef = DF61FDD52833DA710018C770 /* CityEntity+CoreDataProperties.swift */; };
		DF61FDDA2833DA710018C770 /* DayForecastEntity+CoreDataClass.swift in Sources */ = {isa = PBXBuildFile; fileRef = DF61FDD62833DA710018C770 /* DayForecastEntity+CoreDataClass.swift */; };
		DF61FDDB2833DA710018C770 /* DayForecastEntity+CoreDataProperties.swift in Sources */ = {isa = PBXBuildFile; fileRef = DF61FDD72833DA710018C770 /* DayForecastEntity+CoreDataProperties.swift */; };
		DF61FDDD2833E2C90018C770 /* ForecastProviderLoggerProxy.swift in Sources */ = {isa = PBXBuildFile; fileRef = DF61FDDC2833E2C90018C770 /* ForecastProviderLoggerProxy.swift */; };
		DF61FDE02833E4360018C770 /* Logger.swift in Sources */ = {isa = PBXBuildFile; fileRef = DF61FDDF2833E4360018C770 /* Logger.swift */; };
		DF61FDE22833E4560018C770 /* LoggingLevel.swift in Sources */ = {isa = PBXBuildFile; fileRef = DF61FDE12833E4560018C770 /* LoggingLevel.swift */; };
		DF61FDE42833E55A0018C770 /* ConsoleLoggger.swift in Sources */ = {isa = PBXBuildFile; fileRef = DF61FDE32833E55A0018C770 /* ConsoleLoggger.swift */; };
/* End PBXBuildFile section */

/* Begin PBXContainerItemProxy section */
		DF26CEED2832402E00B0F60B /* PBXContainerItemProxy */ = {
			isa = PBXContainerItemProxy;
			containerPortal = DF26CED42832402D00B0F60B /* Project object */;
			proxyType = 1;
			remoteGlobalIDString = DF26CEDB2832402D00B0F60B;
			remoteInfo = GoodWeather;
		};
		DF26CEF72832402E00B0F60B /* PBXContainerItemProxy */ = {
			isa = PBXContainerItemProxy;
			containerPortal = DF26CED42832402D00B0F60B /* Project object */;
			proxyType = 1;
			remoteGlobalIDString = DF26CEDB2832402D00B0F60B;
			remoteInfo = GoodWeather;
		};
/* End PBXContainerItemProxy section */

/* Begin PBXFileReference section */
		B204393C2834CD2500429E20 /* data.json */ = {isa = PBXFileReference; fileEncoding = 4; lastKnownFileType = text.json; path = data.json; sourceTree = "<group>"; };
		B20439422834EAF200429E20 /* ProfileResolver+ext.swift */ = {isa = PBXFileReference; lastKnownFileType = sourcecode.swift; path = "ProfileResolver+ext.swift"; sourceTree = "<group>"; };
		B20439472834EB9E00429E20 /* ProfileViewModel.swift */ = {isa = PBXFileReference; lastKnownFileType = sourcecode.swift; path = ProfileViewModel.swift; sourceTree = "<group>"; };
		B20439492834EBD600429E20 /* ProfileView.swift */ = {isa = PBXFileReference; lastKnownFileType = sourcecode.swift; path = ProfileView.swift; sourceTree = "<group>"; };
		B204394B2834F54F00429E20 /* Profile.swift */ = {isa = PBXFileReference; lastKnownFileType = sourcecode.swift; path = Profile.swift; sourceTree = "<group>"; };
		B204394D2834F5AC00429E20 /* UserCard.swift */ = {isa = PBXFileReference; lastKnownFileType = sourcecode.swift; path = UserCard.swift; sourceTree = "<group>"; };
		B204394F2834F64F00429E20 /* ProfileEventBus.swift */ = {isa = PBXFileReference; lastKnownFileType = sourcecode.swift; path = ProfileEventBus.swift; sourceTree = "<group>"; };
		B20439512834F6AB00429E20 /* FakeProfileEventBus .swift */ = {isa = PBXFileReference; lastKnownFileType = sourcecode.swift; path = "FakeProfileEventBus .swift"; sourceTree = "<group>"; };
		B20439532835094500429E20 /* Validators.swift */ = {isa = PBXFileReference; lastKnownFileType = sourcecode.swift; path = Validators.swift; sourceTree = "<group>"; };
		B204395528350BA000429E20 /* ActivityIndicatorView.swift */ = {isa = PBXFileReference; fileEncoding = 4; lastKnownFileType = sourcecode.swift; path = ActivityIndicatorView.swift; sourceTree = "<group>"; };
		B204395628350BA000429E20 /* EmptyView.swift */ = {isa = PBXFileReference; fileEncoding = 4; lastKnownFileType = sourcecode.swift; path = EmptyView.swift; sourceTree = "<group>"; };
		B204395A28350BA000429E20 /* LoadingView.swift */ = {isa = PBXFileReference; fileEncoding = 4; lastKnownFileType = sourcecode.swift; path = LoadingView.swift; sourceTree = "<group>"; };
		B204396128350BAE00429E20 /* URLSession+ext.swift */ = {isa = PBXFileReference; fileEncoding = 4; lastKnownFileType = sourcecode.swift; path = "URLSession+ext.swift"; sourceTree = "<group>"; };
		B204396A2835172D00429E20 /* FoodView.swift */ = {isa = PBXFileReference; lastKnownFileType = sourcecode.swift; path = FoodView.swift; sourceTree = "<group>"; };
		B204396C283519AB00429E20 /* FoodListView.swift */ = {isa = PBXFileReference; lastKnownFileType = sourcecode.swift; path = FoodListView.swift; sourceTree = "<group>"; };
		B204396E28351AAA00429E20 /* FoodViewModel.swift */ = {isa = PBXFileReference; lastKnownFileType = sourcecode.swift; path = FoodViewModel.swift; sourceTree = "<group>"; };
		B204397028351B0400429E20 /* FoodListViewModel.swift */ = {isa = PBXFileReference; lastKnownFileType = sourcecode.swift; path = FoodListViewModel.swift; sourceTree = "<group>"; };
		B204397228351D2E00429E20 /* RestaurantResolver+ext.swift */ = {isa = PBXFileReference; lastKnownFileType = sourcecode.swift; path = "RestaurantResolver+ext.swift"; sourceTree = "<group>"; };
		B20439742835221C00429E20 /* FoodDetailsView.swift */ = {isa = PBXFileReference; lastKnownFileType = sourcecode.swift; path = FoodDetailsView.swift; sourceTree = "<group>"; };
		B204397B28353A1000429E20 /* LoginViewModel.swift */ = {isa = PBXFileReference; lastKnownFileType = sourcecode.swift; path = LoginViewModel.swift; sourceTree = "<group>"; };
		B204397D28353AA600429E20 /* LoginView.swift */ = {isa = PBXFileReference; lastKnownFileType = sourcecode.swift; path = LoginView.swift; sourceTree = "<group>"; };
		B204397F28353BAB00429E20 /* SecurityResolver+ext.swift */ = {isa = PBXFileReference; lastKnownFileType = sourcecode.swift; path = "SecurityResolver+ext.swift"; sourceTree = "<group>"; };
		B294F972283623C400D12101 /* OrderViewModel.swift */ = {isa = PBXFileReference; lastKnownFileType = sourcecode.swift; path = OrderViewModel.swift; sourceTree = "<group>"; };
		B294F9742836240500D12101 /* OrderEntryViewModel.swift */ = {isa = PBXFileReference; lastKnownFileType = sourcecode.swift; path = OrderEntryViewModel.swift; sourceTree = "<group>"; };
		B294F9762836247100D12101 /* OrderView.swift */ = {isa = PBXFileReference; lastKnownFileType = sourcecode.swift; path = OrderView.swift; sourceTree = "<group>"; };
		DF26CEDC2832402D00B0F60B /* GoodWeather.app */ = {isa = PBXFileReference; explicitFileType = wrapper.application; includeInIndex = 0; path = GoodWeather.app; sourceTree = BUILT_PRODUCTS_DIR; };
		DF26CEDF2832402D00B0F60B /* GoodWeatherApp.swift */ = {isa = PBXFileReference; lastKnownFileType = sourcecode.swift; path = GoodWeatherApp.swift; sourceTree = "<group>"; };
		DF26CEE12832402D00B0F60B /* ForecastRouterView.swift */ = {isa = PBXFileReference; lastKnownFileType = sourcecode.swift; path = ForecastRouterView.swift; sourceTree = "<group>"; };
		DF26CEE32832402E00B0F60B /* Assets.xcassets */ = {isa = PBXFileReference; lastKnownFileType = folder.assetcatalog; path = Assets.xcassets; sourceTree = "<group>"; };
		DF26CEE62832402E00B0F60B /* Preview Assets.xcassets */ = {isa = PBXFileReference; lastKnownFileType = folder.assetcatalog; path = "Preview Assets.xcassets"; sourceTree = "<group>"; };
		DF26CEEC2832402E00B0F60B /* GoodWeatherTests.xctest */ = {isa = PBXFileReference; explicitFileType = wrapper.cfbundle; includeInIndex = 0; path = GoodWeatherTests.xctest; sourceTree = BUILT_PRODUCTS_DIR; };
		DF26CEF02832402E00B0F60B /* GoodWeatherTests.swift */ = {isa = PBXFileReference; lastKnownFileType = sourcecode.swift; path = GoodWeatherTests.swift; sourceTree = "<group>"; };
		DF26CEF62832402E00B0F60B /* GoodWeatherUITests.xctest */ = {isa = PBXFileReference; explicitFileType = wrapper.cfbundle; includeInIndex = 0; path = GoodWeatherUITests.xctest; sourceTree = BUILT_PRODUCTS_DIR; };
		DF26CEFA2832402E00B0F60B /* GoodWeatherUITests.swift */ = {isa = PBXFileReference; lastKnownFileType = sourcecode.swift; path = GoodWeatherUITests.swift; sourceTree = "<group>"; };
		DF26CEFC2832402E00B0F60B /* GoodWeatherUITestsLaunchTests.swift */ = {isa = PBXFileReference; lastKnownFileType = sourcecode.swift; path = GoodWeatherUITestsLaunchTests.swift; sourceTree = "<group>"; };
		DF26CF0E283241E300B0F60B /* GetForecastUseCase.swift */ = {isa = PBXFileReference; lastKnownFileType = sourcecode.swift; path = GetForecastUseCase.swift; sourceTree = "<group>"; };
		DF26CF10283243F800B0F60B /* GetForecastError.swift */ = {isa = PBXFileReference; lastKnownFileType = sourcecode.swift; path = GetForecastError.swift; sourceTree = "<group>"; };
		DF26CF122832445A00B0F60B /* DayForecast.swift */ = {isa = PBXFileReference; lastKnownFileType = sourcecode.swift; path = DayForecast.swift; sourceTree = "<group>"; };
		DF26CF14283244C400B0F60B /* Forecast.swift */ = {isa = PBXFileReference; lastKnownFileType = sourcecode.swift; path = Forecast.swift; sourceTree = "<group>"; };
		DF26CF17283245DD00B0F60B /* ForecastProvider.swift */ = {isa = PBXFileReference; lastKnownFileType = sourcecode.swift; path = ForecastProvider.swift; sourceTree = "<group>"; };
		DF26CF192832465700B0F60B /* ForecastProviderError.swift */ = {isa = PBXFileReference; lastKnownFileType = sourcecode.swift; path = ForecastProviderError.swift; sourceTree = "<group>"; };
		DF26CF1C2832472D00B0F60B /* ForecastQueries.swift */ = {isa = PBXFileReference; lastKnownFileType = sourcecode.swift; path = ForecastQueries.swift; sourceTree = "<group>"; };
		DF26CF1E283247F300B0F60B /* ForecastUpdates.swift */ = {isa = PBXFileReference; lastKnownFileType = sourcecode.swift; path = ForecastUpdates.swift; sourceTree = "<group>"; };
		DF26CF212832486E00B0F60B /* LocationProvider.swift */ = {isa = PBXFileReference; lastKnownFileType = sourcecode.swift; path = LocationProvider.swift; sourceTree = "<group>"; };
		DF26CF232832494200B0F60B /* GetForecastService.swift */ = {isa = PBXFileReference; lastKnownFileType = sourcecode.swift; path = GetForecastService.swift; sourceTree = "<group>"; };
		DF26CF262832521100B0F60B /* FakeForecastProvider.swift */ = {isa = PBXFileReference; lastKnownFileType = sourcecode.swift; path = FakeForecastProvider.swift; sourceTree = "<group>"; };
		DF26CF292832535E00B0F60B /* FakeLocationProvider.swift */ = {isa = PBXFileReference; lastKnownFileType = sourcecode.swift; path = FakeLocationProvider.swift; sourceTree = "<group>"; };
		DF26CF2C2832543A00B0F60B /* FakeForecastRepository.swift */ = {isa = PBXFileReference; lastKnownFileType = sourcecode.swift; path = FakeForecastRepository.swift; sourceTree = "<group>"; };
		DF26CF312832562100B0F60B /* ForecastView.swift */ = {isa = PBXFileReference; lastKnownFileType = sourcecode.swift; path = ForecastView.swift; sourceTree = "<group>"; };
		DF26CF36283256F000B0F60B /* ForecastRouter.swift */ = {isa = PBXFileReference; lastKnownFileType = sourcecode.swift; path = ForecastRouter.swift; sourceTree = "<group>"; };
		DF26CF382832584A00B0F60B /* ForecastDetailsView.swift */ = {isa = PBXFileReference; lastKnownFileType = sourcecode.swift; path = ForecastDetailsView.swift; sourceTree = "<group>"; };
		DF26CF3A283258EC00B0F60B /* ForecastViewModel.swift */ = {isa = PBXFileReference; lastKnownFileType = sourcecode.swift; path = ForecastViewModel.swift; sourceTree = "<group>"; };
		DF26CF3C2832594B00B0F60B /* DayForecastViewModel.swift */ = {isa = PBXFileReference; lastKnownFileType = sourcecode.swift; path = DayForecastViewModel.swift; sourceTree = "<group>"; };
		DF26CF412832605600B0F60B /* Color+ext.swift */ = {isa = PBXFileReference; lastKnownFileType = sourcecode.swift; path = "Color+ext.swift"; sourceTree = "<group>"; };
		DF26CF432832621400B0F60B /* Image+ext.swift */ = {isa = PBXFileReference; lastKnownFileType = sourcecode.swift; path = "Image+ext.swift"; sourceTree = "<group>"; };
		DF26CF462832644900B0F60B /* Text+ext.swift */ = {isa = PBXFileReference; lastKnownFileType = sourcecode.swift; path = "Text+ext.swift"; sourceTree = "<group>"; };
		DF26CF482832651A00B0F60B /* View+ext.swift */ = {isa = PBXFileReference; lastKnownFileType = sourcecode.swift; path = "View+ext.swift"; sourceTree = "<group>"; };
		DF26CF4A2832769100B0F60B /* ForecastViewModelMapper.swift */ = {isa = PBXFileReference; fileEncoding = 4; lastKnownFileType = sourcecode.swift; path = ForecastViewModelMapper.swift; sourceTree = "<group>"; };
		DF26CF4C28327A3B00B0F60B /* DayForecastView.swift */ = {isa = PBXFileReference; lastKnownFileType = sourcecode.swift; path = DayForecastView.swift; sourceTree = "<group>"; };
		DF26CF5028327F3900B0F60B /* ForecastRoute.swift */ = {isa = PBXFileReference; lastKnownFileType = sourcecode.swift; path = ForecastRoute.swift; sourceTree = "<group>"; };
		DF26CF52283283ED00B0F60B /* ForecastSettingsView.swift */ = {isa = PBXFileReference; lastKnownFileType = sourcecode.swift; path = ForecastSettingsView.swift; sourceTree = "<group>"; };
		DF26CF542832863A00B0F60B /* DefaultButtonStyle.swift */ = {isa = PBXFileReference; lastKnownFileType = sourcecode.swift; path = DefaultButtonStyle.swift; sourceTree = "<group>"; };
		DF26CF57283290FF00B0F60B /* CityDto.swift */ = {isa = PBXFileReference; lastKnownFileType = sourcecode.swift; path = CityDto.swift; sourceTree = "<group>"; };
		DF26CF592832916F00B0F60B /* ConditionsDto.swift */ = {isa = PBXFileReference; lastKnownFileType = sourcecode.swift; path = ConditionsDto.swift; sourceTree = "<group>"; };
		DF26CF5B283291A300B0F60B /* TemperatureDto.swift */ = {isa = PBXFileReference; lastKnownFileType = sourcecode.swift; path = TemperatureDto.swift; sourceTree = "<group>"; };
		DF26CF5D283291CE00B0F60B /* DayForecastDto.swift */ = {isa = PBXFileReference; lastKnownFileType = sourcecode.swift; path = DayForecastDto.swift; sourceTree = "<group>"; };
		DF26CF5F2832928000B0F60B /* ForecastDto.swift */ = {isa = PBXFileReference; lastKnownFileType = sourcecode.swift; path = ForecastDto.swift; sourceTree = "<group>"; };
		DF26CF612832931800B0F60B /* URLSessionForecastProvider.swift */ = {isa = PBXFileReference; lastKnownFileType = sourcecode.swift; path = URLSessionForecastProvider.swift; sourceTree = "<group>"; };
		DF26CF632832935800B0F60B /* URLSessionForecastProviderAdapter.swift */ = {isa = PBXFileReference; lastKnownFileType = sourcecode.swift; path = URLSessionForecastProviderAdapter.swift; sourceTree = "<group>"; };
		DF26CF65283293EF00B0F60B /* URLSessionForecastProviderMapper.swift */ = {isa = PBXFileReference; lastKnownFileType = sourcecode.swift; path = URLSessionForecastProviderMapper.swift; sourceTree = "<group>"; };
		DF26CF672832957E00B0F60B /* URLSessionForecastProviderError.swift */ = {isa = PBXFileReference; lastKnownFileType = sourcecode.swift; path = URLSessionForecastProviderError.swift; sourceTree = "<group>"; };
		DF26CF6928329DBF00B0F60B /* UI+ext.swift */ = {isa = PBXFileReference; lastKnownFileType = sourcecode.swift; path = "UI+ext.swift"; sourceTree = "<group>"; };
		DF61FD3B283385690018C770 /* SqlForecastRepository.swift */ = {isa = PBXFileReference; lastKnownFileType = sourcecode.swift; path = SqlForecastRepository.swift; sourceTree = "<group>"; };
		DF61FD3D283391E70018C770 /* CoreLocationProvider.swift */ = {isa = PBXFileReference; lastKnownFileType = sourcecode.swift; path = CoreLocationProvider.swift; sourceTree = "<group>"; };
		DF61FD43283397740018C770 /* Info.plist */ = {isa = PBXFileReference; lastKnownFileType = text.plist; path = Info.plist; sourceTree = "<group>"; };
		DF61FD472833996A0018C770 /* Resolver+ext.swift */ = {isa = PBXFileReference; lastKnownFileType = sourcecode.swift; path = "Resolver+ext.swift"; sourceTree = "<group>"; };
		DF61FD49283399F30018C770 /* ForecastResolver+ext.swift */ = {isa = PBXFileReference; lastKnownFileType = sourcecode.swift; path = "ForecastResolver+ext.swift"; sourceTree = "<group>"; };
		DF61FD4B2833A3360018C770 /* Capitalized.swift */ = {isa = PBXFileReference; lastKnownFileType = sourcecode.swift; path = Capitalized.swift; sourceTree = "<group>"; };
		DF61FD4D2833A4850018C770 /* UserProperty.swift */ = {isa = PBXFileReference; lastKnownFileType = sourcecode.swift; path = UserProperty.swift; sourceTree = "<group>"; };
		DF61FD9F2833C6B30018C770 /* CoreDataStack.swift */ = {isa = PBXFileReference; lastKnownFileType = sourcecode.swift; path = CoreDataStack.swift; sourceTree = "<group>"; };
		DF61FDA22833CA800018C770 /* ForecastModel.xcdatamodel */ = {isa = PBXFileReference; lastKnownFileType = wrapper.xcdatamodel; path = ForecastModel.xcdatamodel; sourceTree = "<group>"; };
		DF61FDBC2833CEE20018C770 /* CoreDataForecastRepository.swift */ = {isa = PBXFileReference; lastKnownFileType = sourcecode.swift; path = CoreDataForecastRepository.swift; sourceTree = "<group>"; };
		DF61FDBE2833CF230018C770 /* CoreDataForecastRepositoryAdapter.swift */ = {isa = PBXFileReference; lastKnownFileType = sourcecode.swift; path = CoreDataForecastRepositoryAdapter.swift; sourceTree = "<group>"; };
		DF61FDC02833CF860018C770 /* CoreDataForecastRepositoryMapper.swift */ = {isa = PBXFileReference; lastKnownFileType = sourcecode.swift; path = CoreDataForecastRepositoryMapper.swift; sourceTree = "<group>"; };
		DF61FDD42833DA710018C770 /* CityEntity+CoreDataClass.swift */ = {isa = PBXFileReference; lastKnownFileType = sourcecode.swift; path = "CityEntity+CoreDataClass.swift"; sourceTree = "<group>"; };
		DF61FDD52833DA710018C770 /* CityEntity+CoreDataProperties.swift */ = {isa = PBXFileReference; lastKnownFileType = sourcecode.swift; path = "CityEntity+CoreDataProperties.swift"; sourceTree = "<group>"; };
		DF61FDD62833DA710018C770 /* DayForecastEntity+CoreDataClass.swift */ = {isa = PBXFileReference; lastKnownFileType = sourcecode.swift; path = "DayForecastEntity+CoreDataClass.swift"; sourceTree = "<group>"; };
		DF61FDD72833DA710018C770 /* DayForecastEntity+CoreDataProperties.swift */ = {isa = PBXFileReference; lastKnownFileType = sourcecode.swift; path = "DayForecastEntity+CoreDataProperties.swift"; sourceTree = "<group>"; };
		DF61FDDC2833E2C90018C770 /* ForecastProviderLoggerProxy.swift */ = {isa = PBXFileReference; lastKnownFileType = sourcecode.swift; path = ForecastProviderLoggerProxy.swift; sourceTree = "<group>"; };
		DF61FDDF2833E4360018C770 /* Logger.swift */ = {isa = PBXFileReference; lastKnownFileType = sourcecode.swift; path = Logger.swift; sourceTree = "<group>"; };
		DF61FDE12833E4560018C770 /* LoggingLevel.swift */ = {isa = PBXFileReference; lastKnownFileType = sourcecode.swift; path = LoggingLevel.swift; sourceTree = "<group>"; };
		DF61FDE32833E55A0018C770 /* ConsoleLoggger.swift */ = {isa = PBXFileReference; lastKnownFileType = sourcecode.swift; path = ConsoleLoggger.swift; sourceTree = "<group>"; };
/* End PBXFileReference section */

/* Begin PBXFrameworksBuildPhase section */
		DF26CED92832402D00B0F60B /* Frameworks */ = {
			isa = PBXFrameworksBuildPhase;
			buildActionMask = 2147483647;
			files = (
				B204393B2834AC9200429E20 /* SQLite in Frameworks */,
				DF61FD46283399280018C770 /* Resolver in Frameworks */,
			);
			runOnlyForDeploymentPostprocessing = 0;
		};
		DF26CEE92832402E00B0F60B /* Frameworks */ = {
			isa = PBXFrameworksBuildPhase;
			buildActionMask = 2147483647;
			files = (
			);
			runOnlyForDeploymentPostprocessing = 0;
		};
		DF26CEF32832402E00B0F60B /* Frameworks */ = {
			isa = PBXFrameworksBuildPhase;
			buildActionMask = 2147483647;
			files = (
			);
			runOnlyForDeploymentPostprocessing = 0;
		};
/* End PBXFrameworksBuildPhase section */

/* Begin PBXGroup section */
		B204393E2834EA8F00429E20 /* Profile */ = {
			isa = PBXGroup;
			children = (
				B204393F2834EABA00429E20 /* Adapters */,
				B20439402834EAC000429E20 /* Ports */,
				B20439412834EACA00429E20 /* Domain */,
				B20439422834EAF200429E20 /* ProfileResolver+ext.swift */,
			);
			path = Profile;
			sourceTree = "<group>";
		};
		B204393F2834EABA00429E20 /* Adapters */ = {
			isa = PBXGroup;
			children = (
				B20439442834EB5E00429E20 /* UserInterface */,
			);
			path = Adapters;
			sourceTree = "<group>";
		};
		B20439402834EAC000429E20 /* Ports */ = {
			isa = PBXGroup;
			children = (
				B204394F2834F64F00429E20 /* ProfileEventBus.swift */,
			);
			path = Ports;
			sourceTree = "<group>";
		};
		B20439412834EACA00429E20 /* Domain */ = {
			isa = PBXGroup;
			children = (
				B204394B2834F54F00429E20 /* Profile.swift */,
				B204394D2834F5AC00429E20 /* UserCard.swift */,
				B20439512834F6AB00429E20 /* FakeProfileEventBus .swift */,
			);
			path = Domain;
			sourceTree = "<group>";
		};
		B20439442834EB5E00429E20 /* UserInterface */ = {
			isa = PBXGroup;
			children = (
				B20439452834EB6F00429E20 /* Views */,
				B20439462834EB7A00429E20 /* ViewModels */,
			);
			path = UserInterface;
			sourceTree = "<group>";
		};
		B20439452834EB6F00429E20 /* Views */ = {
			isa = PBXGroup;
			children = (
				B20439492834EBD600429E20 /* ProfileView.swift */,
			);
			path = Views;
			sourceTree = "<group>";
		};
		B20439462834EB7A00429E20 /* ViewModels */ = {
			isa = PBXGroup;
			children = (
				B20439472834EB9E00429E20 /* ProfileViewModel.swift */,
			);
			path = ViewModels;
			sourceTree = "<group>";
		};
		B20439632835169600429E20 /* Restaurant */ = {
			isa = PBXGroup;
			children = (
				B2043964283516B900429E20 /* Adapters */,
				B2043965283516BF00429E20 /* Ports */,
				B2043966283516C500429E20 /* Domain */,
				B204397228351D2E00429E20 /* RestaurantResolver+ext.swift */,
			);
			path = Restaurant;
			sourceTree = "<group>";
		};
		B2043964283516B900429E20 /* Adapters */ = {
			isa = PBXGroup;
			children = (
				B2043967283516EB00429E20 /* UserInterface */,
			);
			path = Adapters;
			sourceTree = "<group>";
		};
		B2043965283516BF00429E20 /* Ports */ = {
			isa = PBXGroup;
			children = (
			);
			path = Ports;
			sourceTree = "<group>";
		};
		B2043966283516C500429E20 /* Domain */ = {
			isa = PBXGroup;
			children = (
			);
			path = Domain;
			sourceTree = "<group>";
		};
		B2043967283516EB00429E20 /* UserInterface */ = {
			isa = PBXGroup;
			children = (
				B2043968283516F400429E20 /* Views */,
				B2043969283516FB00429E20 /* ViewModels */,
			);
			path = UserInterface;
			sourceTree = "<group>";
		};
		B2043968283516F400429E20 /* Views */ = {
			isa = PBXGroup;
			children = (
				B204396C283519AB00429E20 /* FoodListView.swift */,
				B204396A2835172D00429E20 /* FoodView.swift */,
				B20439742835221C00429E20 /* FoodDetailsView.swift */,
				B294F9762836247100D12101 /* OrderView.swift */,
			);
			path = Views;
			sourceTree = "<group>";
		};
		B2043969283516FB00429E20 /* ViewModels */ = {
			isa = PBXGroup;
			children = (
				B204396E28351AAA00429E20 /* FoodViewModel.swift */,
				B204397028351B0400429E20 /* FoodListViewModel.swift */,
				B294F972283623C400D12101 /* OrderViewModel.swift */,
				B294F9742836240500D12101 /* OrderEntryViewModel.swift */,
			);
			path = ViewModels;
			sourceTree = "<group>";
		};
		B2043976283539AC00429E20 /* Security */ = {
			isa = PBXGroup;
			children = (
				B2043977283539C400429E20 /* Adapters */,
				B204397F28353BAB00429E20 /* SecurityResolver+ext.swift */,
			);
			path = Security;
			sourceTree = "<group>";
		};
		B2043977283539C400429E20 /* Adapters */ = {
			isa = PBXGroup;
			children = (
				B2043978283539D300429E20 /* UserInterface */,
			);
			path = Adapters;
			sourceTree = "<group>";
		};
		B2043978283539D300429E20 /* UserInterface */ = {
			isa = PBXGroup;
			children = (
				B2043979283539DF00429E20 /* Views */,
				B204397A283539EF00429E20 /* ViewModels */,
			);
			path = UserInterface;
			sourceTree = "<group>";
		};
		B2043979283539DF00429E20 /* Views */ = {
			isa = PBXGroup;
			children = (
				B204397D28353AA600429E20 /* LoginView.swift */,
			);
			path = Views;
			sourceTree = "<group>";
		};
		B204397A283539EF00429E20 /* ViewModels */ = {
			isa = PBXGroup;
			children = (
				B204397B28353A1000429E20 /* LoginViewModel.swift */,
			);
			path = ViewModels;
			sourceTree = "<group>";
		};
		DF26CED32832402D00B0F60B = {
			isa = PBXGroup;
			children = (
				DF26CEDE2832402D00B0F60B /* GoodWeather */,
				DF26CEEF2832402E00B0F60B /* GoodWeatherTests */,
				DF26CEF92832402E00B0F60B /* GoodWeatherUITests */,
				DF26CEDD2832402D00B0F60B /* Products */,
			);
			sourceTree = "<group>";
		};
		DF26CEDD2832402D00B0F60B /* Products */ = {
			isa = PBXGroup;
			children = (
				DF26CEDC2832402D00B0F60B /* GoodWeather.app */,
				DF26CEEC2832402E00B0F60B /* GoodWeatherTests.xctest */,
				DF26CEF62832402E00B0F60B /* GoodWeatherUITests.xctest */,
			);
			name = Products;
			sourceTree = "<group>";
		};
		DF26CEDE2832402D00B0F60B /* GoodWeather */ = {
			isa = PBXGroup;
			children = (
				DF26CF402832604800B0F60B /* Commons */,
				DF26CF09283240C800B0F60B /* Forecast */,
				B20439632835169600429E20 /* Restaurant */,
				B204393E2834EA8F00429E20 /* Profile */,
				B2043976283539AC00429E20 /* Security */,
				DF26CEDF2832402D00B0F60B /* GoodWeatherApp.swift */,
				DF61FD472833996A0018C770 /* Resolver+ext.swift */,
				DF26CEE32832402E00B0F60B /* Assets.xcassets */,
				DF61FD43283397740018C770 /* Info.plist */,
				B204393C2834CD2500429E20 /* data.json */,
				DF26CEE52832402E00B0F60B /* Preview Content */,
			);
			path = GoodWeather;
			sourceTree = "<group>";
		};
		DF26CEE52832402E00B0F60B /* Preview Content */ = {
			isa = PBXGroup;
			children = (
				DF26CEE62832402E00B0F60B /* Preview Assets.xcassets */,
			);
			path = "Preview Content";
			sourceTree = "<group>";
		};
		DF26CEEF2832402E00B0F60B /* GoodWeatherTests */ = {
			isa = PBXGroup;
			children = (
				DF26CEF02832402E00B0F60B /* GoodWeatherTests.swift */,
			);
			path = GoodWeatherTests;
			sourceTree = "<group>";
		};
		DF26CEF92832402E00B0F60B /* GoodWeatherUITests */ = {
			isa = PBXGroup;
			children = (
				DF26CEFA2832402E00B0F60B /* GoodWeatherUITests.swift */,
				DF26CEFC2832402E00B0F60B /* GoodWeatherUITestsLaunchTests.swift */,
			);
			path = GoodWeatherUITests;
			sourceTree = "<group>";
		};
		DF26CF09283240C800B0F60B /* Forecast */ = {
			isa = PBXGroup;
			children = (
				DF26CF0C2832416600B0F60B /* Adapters */,
				DF26CF0A2832410F00B0F60B /* Ports */,
				DF26CF0B2832413900B0F60B /* Domain */,
				DF61FD49283399F30018C770 /* ForecastResolver+ext.swift */,
				DF26CEE12832402D00B0F60B /* ForecastRouterView.swift */,
				DF26CF36283256F000B0F60B /* ForecastRouter.swift */,
				DF26CF5028327F3900B0F60B /* ForecastRoute.swift */,
			);
			path = Forecast;
			sourceTree = "<group>";
		};
		DF26CF0A2832410F00B0F60B /* Ports */ = {
			isa = PBXGroup;
			children = (
				DF26CF16283245AA00B0F60B /* ForecastProvider */,
				DF26CF1B283246D600B0F60B /* Persistence */,
				DF26CF202832485A00B0F60B /* LocationProvider */,
				DF26CF0D283241B900B0F60B /* UseCases */,
			);
			path = Ports;
			sourceTree = "<group>";
		};
		DF26CF0B2832413900B0F60B /* Domain */ = {
			isa = PBXGroup;
			children = (
				DF26CF122832445A00B0F60B /* DayForecast.swift */,
				DF26CF14283244C400B0F60B /* Forecast.swift */,
				DF26CF232832494200B0F60B /* GetForecastService.swift */,
			);
			path = Domain;
			sourceTree = "<group>";
		};
		DF26CF0C2832416600B0F60B /* Adapters */ = {
			isa = PBXGroup;
			children = (
				DF26CF2E2832559700B0F60B /* UserInterface */,
				DF26CF25283251EA00B0F60B /* ForecastProvider */,
				DF26CF2B2832540E00B0F60B /* Persistence */,
				DF26CF282832534300B0F60B /* LocationProvider */,
			);
			path = Adapters;
			sourceTree = "<group>";
		};
		DF26CF0D283241B900B0F60B /* UseCases */ = {
			isa = PBXGroup;
			children = (
				DF26CF0E283241E300B0F60B /* GetForecastUseCase.swift */,
				DF26CF10283243F800B0F60B /* GetForecastError.swift */,
			);
			path = UseCases;
			sourceTree = "<group>";
		};
		DF26CF16283245AA00B0F60B /* ForecastProvider */ = {
			isa = PBXGroup;
			children = (
				DF26CF17283245DD00B0F60B /* ForecastProvider.swift */,
				DF26CF192832465700B0F60B /* ForecastProviderError.swift */,
			);
			path = ForecastProvider;
			sourceTree = "<group>";
		};
		DF26CF1B283246D600B0F60B /* Persistence */ = {
			isa = PBXGroup;
			children = (
				DF26CF1C2832472D00B0F60B /* ForecastQueries.swift */,
				DF26CF1E283247F300B0F60B /* ForecastUpdates.swift */,
			);
			path = Persistence;
			sourceTree = "<group>";
		};
		DF26CF202832485A00B0F60B /* LocationProvider */ = {
			isa = PBXGroup;
			children = (
				DF26CF212832486E00B0F60B /* LocationProvider.swift */,
			);
			path = LocationProvider;
			sourceTree = "<group>";
		};
		DF26CF25283251EA00B0F60B /* ForecastProvider */ = {
			isa = PBXGroup;
			children = (
				DF26CF56283290AD00B0F60B /* OpenWeather */,
				DF26CF262832521100B0F60B /* FakeForecastProvider.swift */,
				DF61FDDC2833E2C90018C770 /* ForecastProviderLoggerProxy.swift */,
			);
			path = ForecastProvider;
			sourceTree = "<group>";
		};
		DF26CF282832534300B0F60B /* LocationProvider */ = {
			isa = PBXGroup;
			children = (
				DF26CF292832535E00B0F60B /* FakeLocationProvider.swift */,
				DF61FD3D283391E70018C770 /* CoreLocationProvider.swift */,
			);
			path = LocationProvider;
			sourceTree = "<group>";
		};
		DF26CF2B2832540E00B0F60B /* Persistence */ = {
			isa = PBXGroup;
			children = (
				DF61FD9E2833C6A20018C770 /* CoreData */,
				DF26CF2C2832543A00B0F60B /* FakeForecastRepository.swift */,
				DF61FD3B283385690018C770 /* SqlForecastRepository.swift */,
			);
			path = Persistence;
			sourceTree = "<group>";
		};
		DF26CF2E2832559700B0F60B /* UserInterface */ = {
			isa = PBXGroup;
			children = (
				DF26CF30283255E200B0F60B /* Views */,
				DF26CF2F283255D600B0F60B /* ViewModels */,
			);
			path = UserInterface;
			sourceTree = "<group>";
		};
		DF26CF2F283255D600B0F60B /* ViewModels */ = {
			isa = PBXGroup;
			children = (
				DF26CF3A283258EC00B0F60B /* ForecastViewModel.swift */,
				DF26CF4A2832769100B0F60B /* ForecastViewModelMapper.swift */,
				DF26CF3C2832594B00B0F60B /* DayForecastViewModel.swift */,
			);
			path = ViewModels;
			sourceTree = "<group>";
		};
		DF26CF30283255E200B0F60B /* Views */ = {
			isa = PBXGroup;
			children = (
				DF26CF312832562100B0F60B /* ForecastView.swift */,
				DF26CF4C28327A3B00B0F60B /* DayForecastView.swift */,
				DF26CF382832584A00B0F60B /* ForecastDetailsView.swift */,
				DF26CF52283283ED00B0F60B /* ForecastSettingsView.swift */,
			);
			path = Views;
			sourceTree = "<group>";
		};
		DF26CF402832604800B0F60B /* Commons */ = {
			isa = PBXGroup;
			children = (
				DF61FDDE2833E4250018C770 /* Logging */,
				DF26CF452832636400B0F60B /* UserInterface */,
				DF61FD4B2833A3360018C770 /* Capitalized.swift */,
				DF61FD4D2833A4850018C770 /* UserProperty.swift */,
				B204396128350BAE00429E20 /* URLSession+ext.swift */,
				DF61FD9F2833C6B30018C770 /* CoreDataStack.swift */,
			);
			path = Commons;
			sourceTree = "<group>";
		};
		DF26CF452832636400B0F60B /* UserInterface */ = {
			isa = PBXGroup;
			children = (
				B204395528350BA000429E20 /* ActivityIndicatorView.swift */,
				B204395628350BA000429E20 /* EmptyView.swift */,
				B204395A28350BA000429E20 /* LoadingView.swift */,
				DF26CF412832605600B0F60B /* Color+ext.swift */,
				DF26CF432832621400B0F60B /* Image+ext.swift */,
				DF26CF462832644900B0F60B /* Text+ext.swift */,
				DF26CF482832651A00B0F60B /* View+ext.swift */,
				DF26CF542832863A00B0F60B /* DefaultButtonStyle.swift */,
				DF26CF6928329DBF00B0F60B /* UI+ext.swift */,
				B20439532835094500429E20 /* Validators.swift */,
			);
			path = UserInterface;
			sourceTree = "<group>";
		};
		DF26CF56283290AD00B0F60B /* OpenWeather */ = {
			isa = PBXGroup;
			children = (
				DF26CF57283290FF00B0F60B /* CityDto.swift */,
				DF26CF592832916F00B0F60B /* ConditionsDto.swift */,
				DF26CF5B283291A300B0F60B /* TemperatureDto.swift */,
				DF26CF5D283291CE00B0F60B /* DayForecastDto.swift */,
				DF26CF5F2832928000B0F60B /* ForecastDto.swift */,
				DF26CF612832931800B0F60B /* URLSessionForecastProvider.swift */,
				DF26CF632832935800B0F60B /* URLSessionForecastProviderAdapter.swift */,
				DF26CF65283293EF00B0F60B /* URLSessionForecastProviderMapper.swift */,
				DF26CF672832957E00B0F60B /* URLSessionForecastProviderError.swift */,
			);
			path = OpenWeather;
			sourceTree = "<group>";
		};
		DF61FD9E2833C6A20018C770 /* CoreData */ = {
			isa = PBXGroup;
			children = (
				DF61FDD42833DA710018C770 /* CityEntity+CoreDataClass.swift */,
				DF61FDD52833DA710018C770 /* CityEntity+CoreDataProperties.swift */,
				DF61FDD62833DA710018C770 /* DayForecastEntity+CoreDataClass.swift */,
				DF61FDD72833DA710018C770 /* DayForecastEntity+CoreDataProperties.swift */,
				DF61FDBC2833CEE20018C770 /* CoreDataForecastRepository.swift */,
				DF61FDBE2833CF230018C770 /* CoreDataForecastRepositoryAdapter.swift */,
				DF61FDC02833CF860018C770 /* CoreDataForecastRepositoryMapper.swift */,
				DF61FDA12833CA800018C770 /* ForecastModel.xcdatamodeld */,
			);
			path = CoreData;
			sourceTree = "<group>";
		};
		DF61FDDE2833E4250018C770 /* Logging */ = {
			isa = PBXGroup;
			children = (
				DF61FDDF2833E4360018C770 /* Logger.swift */,
				DF61FDE12833E4560018C770 /* LoggingLevel.swift */,
				DF61FDE32833E55A0018C770 /* ConsoleLoggger.swift */,
			);
			path = Logging;
			sourceTree = "<group>";
		};
/* End PBXGroup section */

/* Begin PBXNativeTarget section */
		DF26CEDB2832402D00B0F60B /* GoodWeather */ = {
			isa = PBXNativeTarget;
			buildConfigurationList = DF26CF002832402E00B0F60B /* Build configuration list for PBXNativeTarget "GoodWeather" */;
			buildPhases = (
				DF26CED82832402D00B0F60B /* Sources */,
				DF26CED92832402D00B0F60B /* Frameworks */,
				DF26CEDA2832402D00B0F60B /* Resources */,
			);
			buildRules = (
			);
			dependencies = (
			);
			name = GoodWeather;
			packageProductDependencies = (
				DF61FD45283399280018C770 /* Resolver */,
				B204393A2834AC9200429E20 /* SQLite */,
			);
			productName = GoodWeather;
			productReference = DF26CEDC2832402D00B0F60B /* GoodWeather.app */;
			productType = "com.apple.product-type.application";
		};
		DF26CEEB2832402E00B0F60B /* GoodWeatherTests */ = {
			isa = PBXNativeTarget;
			buildConfigurationList = DF26CF032832402E00B0F60B /* Build configuration list for PBXNativeTarget "GoodWeatherTests" */;
			buildPhases = (
				DF26CEE82832402E00B0F60B /* Sources */,
				DF26CEE92832402E00B0F60B /* Frameworks */,
				DF26CEEA2832402E00B0F60B /* Resources */,
			);
			buildRules = (
			);
			dependencies = (
				DF26CEEE2832402E00B0F60B /* PBXTargetDependency */,
			);
			name = GoodWeatherTests;
			productName = GoodWeatherTests;
			productReference = DF26CEEC2832402E00B0F60B /* GoodWeatherTests.xctest */;
			productType = "com.apple.product-type.bundle.unit-test";
		};
		DF26CEF52832402E00B0F60B /* GoodWeatherUITests */ = {
			isa = PBXNativeTarget;
			buildConfigurationList = DF26CF062832402E00B0F60B /* Build configuration list for PBXNativeTarget "GoodWeatherUITests" */;
			buildPhases = (
				DF26CEF22832402E00B0F60B /* Sources */,
				DF26CEF32832402E00B0F60B /* Frameworks */,
				DF26CEF42832402E00B0F60B /* Resources */,
			);
			buildRules = (
			);
			dependencies = (
				DF26CEF82832402E00B0F60B /* PBXTargetDependency */,
			);
			name = GoodWeatherUITests;
			productName = GoodWeatherUITests;
			productReference = DF26CEF62832402E00B0F60B /* GoodWeatherUITests.xctest */;
			productType = "com.apple.product-type.bundle.ui-testing";
		};
/* End PBXNativeTarget section */

/* Begin PBXProject section */
		DF26CED42832402D00B0F60B /* Project object */ = {
			isa = PBXProject;
			attributes = {
				BuildIndependentTargetsInParallel = 1;
				LastSwiftUpdateCheck = 1330;
				LastUpgradeCheck = 1330;
				TargetAttributes = {
					DF26CEDB2832402D00B0F60B = {
						CreatedOnToolsVersion = 13.3.1;
					};
					DF26CEEB2832402E00B0F60B = {
						CreatedOnToolsVersion = 13.3.1;
						TestTargetID = DF26CEDB2832402D00B0F60B;
					};
					DF26CEF52832402E00B0F60B = {
						CreatedOnToolsVersion = 13.3.1;
						TestTargetID = DF26CEDB2832402D00B0F60B;
					};
				};
			};
			buildConfigurationList = DF26CED72832402D00B0F60B /* Build configuration list for PBXProject "GoodWeather" */;
			compatibilityVersion = "Xcode 13.0";
			developmentRegion = en;
			hasScannedForEncodings = 0;
			knownRegions = (
				en,
				Base,
			);
			mainGroup = DF26CED32832402D00B0F60B;
			packageReferences = (
				DF61FD382833850E0018C770 /* XCRemoteSwiftPackageReference "SQLite.swift" */,
				DF61FD44283399280018C770 /* XCRemoteSwiftPackageReference "Resolver" */,
				B20439392834AC9200429E20 /* XCRemoteSwiftPackageReference "SQLite.swift" */,
			);
			productRefGroup = DF26CEDD2832402D00B0F60B /* Products */;
			projectDirPath = "";
			projectRoot = "";
			targets = (
				DF26CEDB2832402D00B0F60B /* GoodWeather */,
				DF26CEEB2832402E00B0F60B /* GoodWeatherTests */,
				DF26CEF52832402E00B0F60B /* GoodWeatherUITests */,
			);
		};
/* End PBXProject section */

/* Begin PBXResourcesBuildPhase section */
		DF26CEDA2832402D00B0F60B /* Resources */ = {
			isa = PBXResourcesBuildPhase;
			buildActionMask = 2147483647;
			files = (
				DF26CEE72832402E00B0F60B /* Preview Assets.xcassets in Resources */,
				B204393D2834CD2500429E20 /* data.json in Resources */,
				DF26CEE42832402E00B0F60B /* Assets.xcassets in Resources */,
			);
			runOnlyForDeploymentPostprocessing = 0;
		};
		DF26CEEA2832402E00B0F60B /* Resources */ = {
			isa = PBXResourcesBuildPhase;
			buildActionMask = 2147483647;
			files = (
			);
			runOnlyForDeploymentPostprocessing = 0;
		};
		DF26CEF42832402E00B0F60B /* Resources */ = {
			isa = PBXResourcesBuildPhase;
			buildActionMask = 2147483647;
			files = (
			);
			runOnlyForDeploymentPostprocessing = 0;
		};
/* End PBXResourcesBuildPhase section */

/* Begin PBXSourcesBuildPhase section */
		DF26CED82832402D00B0F60B /* Sources */ = {
			isa = PBXSourcesBuildPhase;
			buildActionMask = 2147483647;
			files = (
				DF26CF2A2832535E00B0F60B /* FakeLocationProvider.swift in Sources */,
				DF61FDA02833C6B30018C770 /* CoreDataStack.swift in Sources */,
				DF26CEE22832402D00B0F60B /* ForecastRouterView.swift in Sources */,
				DF61FDBF2833CF230018C770 /* CoreDataForecastRepositoryAdapter.swift in Sources */,
				B204396B2835172D00429E20 /* FoodView.swift in Sources */,
				B204394C2834F54F00429E20 /* Profile.swift in Sources */,
				DF61FDDD2833E2C90018C770 /* ForecastProviderLoggerProxy.swift in Sources */,
				B294F973283623C400D12101 /* OrderViewModel.swift in Sources */,
				DF26CF66283293EF00B0F60B /* URLSessionForecastProviderMapper.swift in Sources */,
				DF61FDE22833E4560018C770 /* LoggingLevel.swift in Sources */,
				DF26CF53283283ED00B0F60B /* ForecastSettingsView.swift in Sources */,
				DF61FDBD2833CEE20018C770 /* CoreDataForecastRepository.swift in Sources */,
				DF61FDA32833CA800018C770 /* ForecastModel.xcdatamodeld in Sources */,
				DF61FD4E2833A4850018C770 /* UserProperty.swift in Sources */,
				B204397C28353A1000429E20 /* LoginViewModel.swift in Sources */,
				B20439502834F64F00429E20 /* ProfileEventBus.swift in Sources */,
				DF26CF4B2832769100B0F60B /* ForecastViewModelMapper.swift in Sources */,
				DF26CF5128327F3A00B0F60B /* ForecastRoute.swift in Sources */,
				DF26CF422832605600B0F60B /* Color+ext.swift in Sources */,
				DF26CF602832928000B0F60B /* ForecastDto.swift in Sources */,
				DF61FD482833996A0018C770 /* Resolver+ext.swift in Sources */,
				B294F9772836247100D12101 /* OrderView.swift in Sources */,
				DF26CF5A2832916F00B0F60B /* ConditionsDto.swift in Sources */,
				DF26CF4D28327A3B00B0F60B /* DayForecastView.swift in Sources */,
				DF26CF472832644900B0F60B /* Text+ext.swift in Sources */,
				DF26CF682832957E00B0F60B /* URLSessionForecastProviderError.swift in Sources */,
				DF26CF6A28329DBF00B0F60B /* UI+ext.swift in Sources */,
				B204398028353BAB00429E20 /* SecurityResolver+ext.swift in Sources */,
				B204394A2834EBD600429E20 /* ProfileView.swift in Sources */,
				B204395C28350BA100429E20 /* EmptyView.swift in Sources */,
				DF61FDD92833DA710018C770 /* CityEntity+CoreDataProperties.swift in Sources */,
				B204397328351D2E00429E20 /* RestaurantResolver+ext.swift in Sources */,
				DF26CF58283290FF00B0F60B /* CityDto.swift in Sources */,
				B20439542835094500429E20 /* Validators.swift in Sources */,
				DF26CF272832521100B0F60B /* FakeForecastProvider.swift in Sources */,
				DF61FDD82833DA710018C770 /* CityEntity+CoreDataClass.swift in Sources */,
				DF26CF2D2832543A00B0F60B /* FakeForecastRepository.swift in Sources */,
				B20439752835221C00429E20 /* FoodDetailsView.swift in Sources */,
				DF26CF37283256F000B0F60B /* ForecastRouter.swift in Sources */,
				B204397E28353AA600429E20 /* LoginView.swift in Sources */,
				DF26CEE02832402D00B0F60B /* GoodWeatherApp.swift in Sources */,
				DF26CF1A2832465700B0F60B /* ForecastProviderError.swift in Sources */,
				B294F9752836240500D12101 /* OrderEntryViewModel.swift in Sources */,
				DF26CF242832494200B0F60B /* GetForecastService.swift in Sources */,
				B204396D283519AB00429E20 /* FoodListView.swift in Sources */,
				DF26CF492832651A00B0F60B /* View+ext.swift in Sources */,
				DF26CF11283243F800B0F60B /* GetForecastError.swift in Sources */,
				DF26CF3B283258EC00B0F60B /* ForecastViewModel.swift in Sources */,
				DF26CF622832931800B0F60B /* URLSessionForecastProvider.swift in Sources */,
				B204396F28351AAA00429E20 /* FoodViewModel.swift in Sources */,
				DF26CF18283245DD00B0F60B /* ForecastProvider.swift in Sources */,
				B20439432834EAF200429E20 /* ProfileResolver+ext.swift in Sources */,
				DF26CF642832935800B0F60B /* URLSessionForecastProviderAdapter.swift in Sources */,
				B204396228350BAE00429E20 /* URLSession+ext.swift in Sources */,
				DF26CF552832863A00B0F60B /* DefaultButtonStyle.swift in Sources */,
				B204394E2834F5AC00429E20 /* UserCard.swift in Sources */,
				DF26CF392832584A00B0F60B /* ForecastDetailsView.swift in Sources */,
				DF26CF222832486E00B0F60B /* LocationProvider.swift in Sources */,
				DF26CF5E283291CE00B0F60B /* DayForecastDto.swift in Sources */,
				DF61FDE02833E4360018C770 /* Logger.swift in Sources */,
				DF61FDE42833E55A0018C770 /* ConsoleLoggger.swift in Sources */,
				DF61FD3E283391E70018C770 /* CoreLocationProvider.swift in Sources */,
				DF26CF1F283247F300B0F60B /* ForecastUpdates.swift in Sources */,
				B204396028350BA100429E20 /* LoadingView.swift in Sources */,
				DF61FDDA2833DA710018C770 /* DayForecastEntity+CoreDataClass.swift in Sources */,
				DF26CF5C283291A300B0F60B /* TemperatureDto.swift in Sources */,
				DF61FDC12833CF860018C770 /* CoreDataForecastRepositoryMapper.swift in Sources */,
				DF61FD4C2833A3360018C770 /* Capitalized.swift in Sources */,
				B204395B28350BA100429E20 /* ActivityIndicatorView.swift in Sources */,
				DF61FD4A283399F30018C770 /* ForecastResolver+ext.swift in Sources */,
				DF26CF442832621400B0F60B /* Image+ext.swift in Sources */,
				DF61FDDB2833DA710018C770 /* DayForecastEntity+CoreDataProperties.swift in Sources */,
				DF61FD3C283385690018C770 /* SqlForecastRepository.swift in Sources */,
				B20439522834F6AB00429E20 /* FakeProfileEventBus .swift in Sources */,
				B204397128351B0400429E20 /* FoodListViewModel.swift in Sources */,
				DF26CF132832445A00B0F60B /* DayForecast.swift in Sources */,
				B20439482834EB9E00429E20 /* ProfileViewModel.swift in Sources */,
				DF26CF15283244C400B0F60B /* Forecast.swift in Sources */,
				DF26CF1D2832472D00B0F60B /* ForecastQueries.swift in Sources */,
				DF26CF3D2832594B00B0F60B /* DayForecastViewModel.swift in Sources */,
				DF26CF0F283241E300B0F60B /* GetForecastUseCase.swift in Sources */,
				DF26CF322832562100B0F60B /* ForecastView.swift in Sources */,
			);
			runOnlyForDeploymentPostprocessing = 0;
		};
		DF26CEE82832402E00B0F60B /* Sources */ = {
			isa = PBXSourcesBuildPhase;
			buildActionMask = 2147483647;
			files = (
				DF26CEF12832402E00B0F60B /* GoodWeatherTests.swift in Sources */,
			);
			runOnlyForDeploymentPostprocessing = 0;
		};
		DF26CEF22832402E00B0F60B /* Sources */ = {
			isa = PBXSourcesBuildPhase;
			buildActionMask = 2147483647;
			files = (
				DF26CEFD2832402E00B0F60B /* GoodWeatherUITestsLaunchTests.swift in Sources */,
				DF26CEFB2832402E00B0F60B /* GoodWeatherUITests.swift in Sources */,
			);
			runOnlyForDeploymentPostprocessing = 0;
		};
/* End PBXSourcesBuildPhase section */

/* Begin PBXTargetDependency section */
		DF26CEEE2832402E00B0F60B /* PBXTargetDependency */ = {
			isa = PBXTargetDependency;
			target = DF26CEDB2832402D00B0F60B /* GoodWeather */;
			targetProxy = DF26CEED2832402E00B0F60B /* PBXContainerItemProxy */;
		};
		DF26CEF82832402E00B0F60B /* PBXTargetDependency */ = {
			isa = PBXTargetDependency;
			target = DF26CEDB2832402D00B0F60B /* GoodWeather */;
			targetProxy = DF26CEF72832402E00B0F60B /* PBXContainerItemProxy */;
		};
/* End PBXTargetDependency section */

/* Begin XCBuildConfiguration section */
		DF26CEFE2832402E00B0F60B /* Debug */ = {
			isa = XCBuildConfiguration;
			buildSettings = {
				ALWAYS_SEARCH_USER_PATHS = NO;
				CLANG_ANALYZER_NONNULL = YES;
				CLANG_ANALYZER_NUMBER_OBJECT_CONVERSION = YES_AGGRESSIVE;
				CLANG_CXX_LANGUAGE_STANDARD = "gnu++17";
				CLANG_ENABLE_MODULES = YES;
				CLANG_ENABLE_OBJC_ARC = YES;
				CLANG_ENABLE_OBJC_WEAK = YES;
				CLANG_WARN_BLOCK_CAPTURE_AUTORELEASING = YES;
				CLANG_WARN_BOOL_CONVERSION = YES;
				CLANG_WARN_COMMA = YES;
				CLANG_WARN_CONSTANT_CONVERSION = YES;
				CLANG_WARN_DEPRECATED_OBJC_IMPLEMENTATIONS = YES;
				CLANG_WARN_DIRECT_OBJC_ISA_USAGE = YES_ERROR;
				CLANG_WARN_DOCUMENTATION_COMMENTS = YES;
				CLANG_WARN_EMPTY_BODY = YES;
				CLANG_WARN_ENUM_CONVERSION = YES;
				CLANG_WARN_INFINITE_RECURSION = YES;
				CLANG_WARN_INT_CONVERSION = YES;
				CLANG_WARN_NON_LITERAL_NULL_CONVERSION = YES;
				CLANG_WARN_OBJC_IMPLICIT_RETAIN_SELF = YES;
				CLANG_WARN_OBJC_LITERAL_CONVERSION = YES;
				CLANG_WARN_OBJC_ROOT_CLASS = YES_ERROR;
				CLANG_WARN_QUOTED_INCLUDE_IN_FRAMEWORK_HEADER = YES;
				CLANG_WARN_RANGE_LOOP_ANALYSIS = YES;
				CLANG_WARN_STRICT_PROTOTYPES = YES;
				CLANG_WARN_SUSPICIOUS_MOVE = YES;
				CLANG_WARN_UNGUARDED_AVAILABILITY = YES_AGGRESSIVE;
				CLANG_WARN_UNREACHABLE_CODE = YES;
				CLANG_WARN__DUPLICATE_METHOD_MATCH = YES;
				COPY_PHASE_STRIP = NO;
				DEBUG_INFORMATION_FORMAT = dwarf;
				ENABLE_STRICT_OBJC_MSGSEND = YES;
				ENABLE_TESTABILITY = YES;
				GCC_C_LANGUAGE_STANDARD = gnu11;
				GCC_DYNAMIC_NO_PIC = NO;
				GCC_NO_COMMON_BLOCKS = YES;
				GCC_OPTIMIZATION_LEVEL = 0;
				GCC_PREPROCESSOR_DEFINITIONS = (
					"DEBUG=1",
					"$(inherited)",
				);
				GCC_WARN_64_TO_32_BIT_CONVERSION = YES;
				GCC_WARN_ABOUT_RETURN_TYPE = YES_ERROR;
				GCC_WARN_UNDECLARED_SELECTOR = YES;
				GCC_WARN_UNINITIALIZED_AUTOS = YES_AGGRESSIVE;
				GCC_WARN_UNUSED_FUNCTION = YES;
				GCC_WARN_UNUSED_VARIABLE = YES;
				IPHONEOS_DEPLOYMENT_TARGET = 15.4;
				MTL_ENABLE_DEBUG_INFO = INCLUDE_SOURCE;
				MTL_FAST_MATH = YES;
				ONLY_ACTIVE_ARCH = YES;
				SDKROOT = iphoneos;
				SWIFT_ACTIVE_COMPILATION_CONDITIONS = DEBUG;
				SWIFT_OPTIMIZATION_LEVEL = "-Onone";
			};
			name = Debug;
		};
		DF26CEFF2832402E00B0F60B /* Release */ = {
			isa = XCBuildConfiguration;
			buildSettings = {
				ALWAYS_SEARCH_USER_PATHS = NO;
				CLANG_ANALYZER_NONNULL = YES;
				CLANG_ANALYZER_NUMBER_OBJECT_CONVERSION = YES_AGGRESSIVE;
				CLANG_CXX_LANGUAGE_STANDARD = "gnu++17";
				CLANG_ENABLE_MODULES = YES;
				CLANG_ENABLE_OBJC_ARC = YES;
				CLANG_ENABLE_OBJC_WEAK = YES;
				CLANG_WARN_BLOCK_CAPTURE_AUTORELEASING = YES;
				CLANG_WARN_BOOL_CONVERSION = YES;
				CLANG_WARN_COMMA = YES;
				CLANG_WARN_CONSTANT_CONVERSION = YES;
				CLANG_WARN_DEPRECATED_OBJC_IMPLEMENTATIONS = YES;
				CLANG_WARN_DIRECT_OBJC_ISA_USAGE = YES_ERROR;
				CLANG_WARN_DOCUMENTATION_COMMENTS = YES;
				CLANG_WARN_EMPTY_BODY = YES;
				CLANG_WARN_ENUM_CONVERSION = YES;
				CLANG_WARN_INFINITE_RECURSION = YES;
				CLANG_WARN_INT_CONVERSION = YES;
				CLANG_WARN_NON_LITERAL_NULL_CONVERSION = YES;
				CLANG_WARN_OBJC_IMPLICIT_RETAIN_SELF = YES;
				CLANG_WARN_OBJC_LITERAL_CONVERSION = YES;
				CLANG_WARN_OBJC_ROOT_CLASS = YES_ERROR;
				CLANG_WARN_QUOTED_INCLUDE_IN_FRAMEWORK_HEADER = YES;
				CLANG_WARN_RANGE_LOOP_ANALYSIS = YES;
				CLANG_WARN_STRICT_PROTOTYPES = YES;
				CLANG_WARN_SUSPICIOUS_MOVE = YES;
				CLANG_WARN_UNGUARDED_AVAILABILITY = YES_AGGRESSIVE;
				CLANG_WARN_UNREACHABLE_CODE = YES;
				CLANG_WARN__DUPLICATE_METHOD_MATCH = YES;
				COPY_PHASE_STRIP = NO;
				DEBUG_INFORMATION_FORMAT = "dwarf-with-dsym";
				ENABLE_NS_ASSERTIONS = NO;
				ENABLE_STRICT_OBJC_MSGSEND = YES;
				GCC_C_LANGUAGE_STANDARD = gnu11;
				GCC_NO_COMMON_BLOCKS = YES;
				GCC_WARN_64_TO_32_BIT_CONVERSION = YES;
				GCC_WARN_ABOUT_RETURN_TYPE = YES_ERROR;
				GCC_WARN_UNDECLARED_SELECTOR = YES;
				GCC_WARN_UNINITIALIZED_AUTOS = YES_AGGRESSIVE;
				GCC_WARN_UNUSED_FUNCTION = YES;
				GCC_WARN_UNUSED_VARIABLE = YES;
				IPHONEOS_DEPLOYMENT_TARGET = 15.4;
				MTL_ENABLE_DEBUG_INFO = NO;
				MTL_FAST_MATH = YES;
				SDKROOT = iphoneos;
				SWIFT_COMPILATION_MODE = wholemodule;
				SWIFT_OPTIMIZATION_LEVEL = "-O";
				VALIDATE_PRODUCT = YES;
			};
			name = Release;
		};
		DF26CF012832402E00B0F60B /* Debug */ = {
			isa = XCBuildConfiguration;
			buildSettings = {
				ASSETCATALOG_COMPILER_APPICON_NAME = AppIcon;
				ASSETCATALOG_COMPILER_GLOBAL_ACCENT_COLOR_NAME = AccentColor;
				CODE_SIGN_STYLE = Automatic;
				CURRENT_PROJECT_VERSION = 1;
				DEVELOPMENT_ASSET_PATHS = "\"GoodWeather/Preview Content\"";
				DEVELOPMENT_TEAM = 34A9J24W7Y;
				ENABLE_PREVIEWS = YES;
				GENERATE_INFOPLIST_FILE = YES;
				INFOPLIST_FILE = GoodWeather/Info.plist;
				INFOPLIST_KEY_UIApplicationSceneManifest_Generation = YES;
				INFOPLIST_KEY_UIApplicationSupportsIndirectInputEvents = YES;
				INFOPLIST_KEY_UILaunchScreen_Generation = YES;
				INFOPLIST_KEY_UISupportedInterfaceOrientations_iPad = "UIInterfaceOrientationPortrait UIInterfaceOrientationPortraitUpsideDown UIInterfaceOrientationLandscapeLeft UIInterfaceOrientationLandscapeRight";
				INFOPLIST_KEY_UISupportedInterfaceOrientations_iPhone = "UIInterfaceOrientationPortrait UIInterfaceOrientationLandscapeLeft UIInterfaceOrientationLandscapeRight";
				LD_RUNPATH_SEARCH_PATHS = (
					"$(inherited)",
					"@executable_path/Frameworks",
				);
				MARKETING_VERSION = 1.0;
				PRODUCT_BUNDLE_IDENTIFIER = "Inbright--ukasz-Andrzejewski.GoodWeather";
				PRODUCT_NAME = "$(TARGET_NAME)";
				SWIFT_EMIT_LOC_STRINGS = YES;
				SWIFT_VERSION = 5.0;
				TARGETED_DEVICE_FAMILY = "1,2";
			};
			name = Debug;
		};
		DF26CF022832402E00B0F60B /* Release */ = {
			isa = XCBuildConfiguration;
			buildSettings = {
				ASSETCATALOG_COMPILER_APPICON_NAME = AppIcon;
				ASSETCATALOG_COMPILER_GLOBAL_ACCENT_COLOR_NAME = AccentColor;
				CODE_SIGN_STYLE = Automatic;
				CURRENT_PROJECT_VERSION = 1;
				DEVELOPMENT_ASSET_PATHS = "\"GoodWeather/Preview Content\"";
				DEVELOPMENT_TEAM = 34A9J24W7Y;
				ENABLE_PREVIEWS = YES;
				GENERATE_INFOPLIST_FILE = YES;
				INFOPLIST_FILE = GoodWeather/Info.plist;
				INFOPLIST_KEY_UIApplicationSceneManifest_Generation = YES;
				INFOPLIST_KEY_UIApplicationSupportsIndirectInputEvents = YES;
				INFOPLIST_KEY_UILaunchScreen_Generation = YES;
				INFOPLIST_KEY_UISupportedInterfaceOrientations_iPad = "UIInterfaceOrientationPortrait UIInterfaceOrientationPortraitUpsideDown UIInterfaceOrientationLandscapeLeft UIInterfaceOrientationLandscapeRight";
				INFOPLIST_KEY_UISupportedInterfaceOrientations_iPhone = "UIInterfaceOrientationPortrait UIInterfaceOrientationLandscapeLeft UIInterfaceOrientationLandscapeRight";
				LD_RUNPATH_SEARCH_PATHS = (
					"$(inherited)",
					"@executable_path/Frameworks",
				);
				MARKETING_VERSION = 1.0;
				PRODUCT_BUNDLE_IDENTIFIER = "Inbright--ukasz-Andrzejewski.GoodWeather";
				PRODUCT_NAME = "$(TARGET_NAME)";
				SWIFT_EMIT_LOC_STRINGS = YES;
				SWIFT_VERSION = 5.0;
				TARGETED_DEVICE_FAMILY = "1,2";
			};
			name = Release;
		};
		DF26CF042832402E00B0F60B /* Debug */ = {
			isa = XCBuildConfiguration;
			buildSettings = {
				ALWAYS_EMBED_SWIFT_STANDARD_LIBRARIES = YES;
				BUNDLE_LOADER = "$(TEST_HOST)";
				CODE_SIGN_STYLE = Automatic;
				CURRENT_PROJECT_VERSION = 1;
				DEVELOPMENT_TEAM = 34A9J24W7Y;
				GENERATE_INFOPLIST_FILE = YES;
				IPHONEOS_DEPLOYMENT_TARGET = 15.4;
				MARKETING_VERSION = 1.0;
				PRODUCT_BUNDLE_IDENTIFIER = "Inbright--ukasz-Andrzejewski.GoodWeatherTests";
				PRODUCT_NAME = "$(TARGET_NAME)";
				SWIFT_EMIT_LOC_STRINGS = NO;
				SWIFT_VERSION = 5.0;
				TARGETED_DEVICE_FAMILY = "1,2";
				TEST_HOST = "$(BUILT_PRODUCTS_DIR)/GoodWeather.app/GoodWeather";
			};
			name = Debug;
		};
		DF26CF052832402E00B0F60B /* Release */ = {
			isa = XCBuildConfiguration;
			buildSettings = {
				ALWAYS_EMBED_SWIFT_STANDARD_LIBRARIES = YES;
				BUNDLE_LOADER = "$(TEST_HOST)";
				CODE_SIGN_STYLE = Automatic;
				CURRENT_PROJECT_VERSION = 1;
				DEVELOPMENT_TEAM = 34A9J24W7Y;
				GENERATE_INFOPLIST_FILE = YES;
				IPHONEOS_DEPLOYMENT_TARGET = 15.4;
				MARKETING_VERSION = 1.0;
				PRODUCT_BUNDLE_IDENTIFIER = "Inbright--ukasz-Andrzejewski.GoodWeatherTests";
				PRODUCT_NAME = "$(TARGET_NAME)";
				SWIFT_EMIT_LOC_STRINGS = NO;
				SWIFT_VERSION = 5.0;
				TARGETED_DEVICE_FAMILY = "1,2";
				TEST_HOST = "$(BUILT_PRODUCTS_DIR)/GoodWeather.app/GoodWeather";
			};
			name = Release;
		};
		DF26CF072832402E00B0F60B /* Debug */ = {
			isa = XCBuildConfiguration;
			buildSettings = {
				ALWAYS_EMBED_SWIFT_STANDARD_LIBRARIES = YES;
				CODE_SIGN_STYLE = Automatic;
				CURRENT_PROJECT_VERSION = 1;
				DEVELOPMENT_TEAM = 34A9J24W7Y;
				GENERATE_INFOPLIST_FILE = YES;
				MARKETING_VERSION = 1.0;
				PRODUCT_BUNDLE_IDENTIFIER = "Inbright--ukasz-Andrzejewski.GoodWeatherUITests";
				PRODUCT_NAME = "$(TARGET_NAME)";
				SWIFT_EMIT_LOC_STRINGS = NO;
				SWIFT_VERSION = 5.0;
				TARGETED_DEVICE_FAMILY = "1,2";
				TEST_TARGET_NAME = GoodWeather;
			};
			name = Debug;
		};
		DF26CF082832402E00B0F60B /* Release */ = {
			isa = XCBuildConfiguration;
			buildSettings = {
				ALWAYS_EMBED_SWIFT_STANDARD_LIBRARIES = YES;
				CODE_SIGN_STYLE = Automatic;
				CURRENT_PROJECT_VERSION = 1;
				DEVELOPMENT_TEAM = 34A9J24W7Y;
				GENERATE_INFOPLIST_FILE = YES;
				MARKETING_VERSION = 1.0;
				PRODUCT_BUNDLE_IDENTIFIER = "Inbright--ukasz-Andrzejewski.GoodWeatherUITests";
				PRODUCT_NAME = "$(TARGET_NAME)";
				SWIFT_EMIT_LOC_STRINGS = NO;
				SWIFT_VERSION = 5.0;
				TARGETED_DEVICE_FAMILY = "1,2";
				TEST_TARGET_NAME = GoodWeather;
			};
			name = Release;
		};
/* End XCBuildConfiguration section */

/* Begin XCConfigurationList section */
		DF26CED72832402D00B0F60B /* Build configuration list for PBXProject "GoodWeather" */ = {
			isa = XCConfigurationList;
			buildConfigurations = (
				DF26CEFE2832402E00B0F60B /* Debug */,
				DF26CEFF2832402E00B0F60B /* Release */,
			);
			defaultConfigurationIsVisible = 0;
			defaultConfigurationName = Release;
		};
		DF26CF002832402E00B0F60B /* Build configuration list for PBXNativeTarget "GoodWeather" */ = {
			isa = XCConfigurationList;
			buildConfigurations = (
				DF26CF012832402E00B0F60B /* Debug */,
				DF26CF022832402E00B0F60B /* Release */,
			);
			defaultConfigurationIsVisible = 0;
			defaultConfigurationName = Release;
		};
		DF26CF032832402E00B0F60B /* Build configuration list for PBXNativeTarget "GoodWeatherTests" */ = {
			isa = XCConfigurationList;
			buildConfigurations = (
				DF26CF042832402E00B0F60B /* Debug */,
				DF26CF052832402E00B0F60B /* Release */,
			);
			defaultConfigurationIsVisible = 0;
			defaultConfigurationName = Release;
		};
		DF26CF062832402E00B0F60B /* Build configuration list for PBXNativeTarget "GoodWeatherUITests" */ = {
			isa = XCConfigurationList;
			buildConfigurations = (
				DF26CF072832402E00B0F60B /* Debug */,
				DF26CF082832402E00B0F60B /* Release */,
			);
			defaultConfigurationIsVisible = 0;
			defaultConfigurationName = Release;
		};
/* End XCConfigurationList section */

/* Begin XCRemoteSwiftPackageReference section */
		B20439392834AC9200429E20 /* XCRemoteSwiftPackageReference "SQLite.swift" */ = {
			isa = XCRemoteSwiftPackageReference;
			repositoryURL = "https://github.com/stephencelis/SQLite.swift.git";
			requirement = {
				kind = upToNextMajorVersion;
				minimumVersion = 0.9.2;
			};
		};
		DF61FD382833850E0018C770 /* XCRemoteSwiftPackageReference "SQLite.swift" */ = {
			isa = XCRemoteSwiftPackageReference;
			repositoryURL = "https://github.com/stephencelis/SQLite.swift.git";
			requirement = {
				kind = upToNextMajorVersion;
				minimumVersion = 0.9.2;
			};
		};
		DF61FD44283399280018C770 /* XCRemoteSwiftPackageReference "Resolver" */ = {
			isa = XCRemoteSwiftPackageReference;
			repositoryURL = "https://github.com/hmlongco/Resolver";
			requirement = {
				kind = upToNextMajorVersion;
				minimumVersion = 1.0.0;
			};
		};
/* End XCRemoteSwiftPackageReference section */

/* Begin XCSwiftPackageProductDependency section */
		B204393A2834AC9200429E20 /* SQLite */ = {
			isa = XCSwiftPackageProductDependency;
			package = DF61FD382833850E0018C770 /* XCRemoteSwiftPackageReference "SQLite.swift" */;
			productName = SQLite;
		};
		DF61FD45283399280018C770 /* Resolver */ = {
			isa = XCSwiftPackageProductDependency;
			package = DF61FD44283399280018C770 /* XCRemoteSwiftPackageReference "Resolver" */;
			productName = Resolver;
		};
/* End XCSwiftPackageProductDependency section */

/* Begin XCVersionGroup section */
		DF61FDA12833CA800018C770 /* ForecastModel.xcdatamodeld */ = {
			isa = XCVersionGroup;
			children = (
				DF61FDA22833CA800018C770 /* ForecastModel.xcdatamodel */,
			);
			currentVersion = DF61FDA22833CA800018C770 /* ForecastModel.xcdatamodel */;
			path = ForecastModel.xcdatamodeld;
			sourceTree = "<group>";
			versionGroupType = wrapper.xcdatamodel;
		};
/* End XCVersionGroup section */
	};
	rootObject = DF26CED42832402D00B0F60B /* Project object */;
}
