// !$*UTF8*$!
{
	archiveVersion = 1;
	classes = {
	};
	objectVersion = 55;
	objects = {

/* Begin PBXBuildFile section */
		DF26CEE02832402D00B0F60B /* GoodWeatherApp.swift in Sources */ = {isa = PBXBuildFile; fileRef = DF26CEDF2832402D00B0F60B /* GoodWeatherApp.swift */; };
		DF26CEE22832402D00B0F60B /* RouterView.swift in Sources */ = {isa = PBXBuildFile; fileRef = DF26CEE12832402D00B0F60B /* RouterView.swift */; };
		DF26CEE42832402E00B0F60B /* Assets.xcassets in Resources */ = {isa = PBXBuildFile; fileRef = DF26CEE32832402E00B0F60B /* Assets.xcassets */; };
		DF26CEE72832402E00B0F60B /* Preview Assets.xcassets in Resources */ = {isa = PBXBuildFile; fileRef = DF26CEE62832402E00B0F60B /* Preview Assets.xcassets */; };
		DF26CEF12832402E00B0F60B /* GoodWeatherTests.swift in Sources */ = {isa = PBXBuildFile; fileRef = DF26CEF02832402E00B0F60B /* GoodWeatherTests.swift */; };
		DF26CEFB2832402E00B0F60B /* GoodWeatherUITests.swift in Sources */ = {isa = PBXBuildFile; fileRef = DF26CEFA2832402E00B0F60B /* GoodWeatherUITests.swift */; };
		DF26CEFD2832402E00B0F60B /* GoodWeatherUITestsLaunchTests.swift in Sources */ = {isa = PBXBuildFile; fileRef = DF26CEFC2832402E00B0F60B /* GoodWeatherUITestsLaunchTests.swift */; };
		DF26CF0F283241E300B0F60B /* GetForecastUseCase.swift in Sources */ = {isa = PBXBuildFile; fileRef = DF26CF0E283241E300B0F60B /* GetForecastUseCase.swift */; };
		DF26CF11283243F800B0F60B /* GetForecastError.swift in Sources */ = {isa = PBXBuildFile; fileRef = DF26CF10283243F800B0F60B /* GetForecastError.swift */; };
		DF26CF132832445A00B0F60B /* DayForecast.swift in Sources */ = {isa = PBXBuildFile; fileRef = DF26CF122832445A00B0F60B /* DayForecast.swift */; };
		DF26CF15283244C400B0F60B /* Forecast.swift in Sources */ = {isa = PBXBuildFile; fileRef = DF26CF14283244C400B0F60B /* Forecast.swift */; };
		DF26CF18283245DD00B0F60B /* ForecastProvider.swift in Sources */ = {isa = PBXBuildFile; fileRef = DF26CF17283245DD00B0F60B /* ForecastProvider.swift */; };
		DF26CF1A2832465700B0F60B /* ForecastProviderError.swift in Sources */ = {isa = PBXBuildFile; fileRef = DF26CF192832465700B0F60B /* ForecastProviderError.swift */; };
		DF26CF1D2832472D00B0F60B /* ForecastQueries.swift in Sources */ = {isa = PBXBuildFile; fileRef = DF26CF1C2832472D00B0F60B /* ForecastQueries.swift */; };
		DF26CF1F283247F300B0F60B /* ForecastUpdates.swift in Sources */ = {isa = PBXBuildFile; fileRef = DF26CF1E283247F300B0F60B /* ForecastUpdates.swift */; };
		DF26CF222832486E00B0F60B /* LocationProvider.swift in Sources */ = {isa = PBXBuildFile; fileRef = DF26CF212832486E00B0F60B /* LocationProvider.swift */; };
		DF26CF242832494200B0F60B /* GetForecastService.swift in Sources */ = {isa = PBXBuildFile; fileRef = DF26CF232832494200B0F60B /* GetForecastService.swift */; };
		DF26CF272832521100B0F60B /* FakeForecastProvider.swift in Sources */ = {isa = PBXBuildFile; fileRef = DF26CF262832521100B0F60B /* FakeForecastProvider.swift */; };
		DF26CF2A2832535E00B0F60B /* FakeLocationProvider.swift in Sources */ = {isa = PBXBuildFile; fileRef = DF26CF292832535E00B0F60B /* FakeLocationProvider.swift */; };
		DF26CF2D2832543A00B0F60B /* FakeForecastRepository.swift in Sources */ = {isa = PBXBuildFile; fileRef = DF26CF2C2832543A00B0F60B /* FakeForecastRepository.swift */; };
		DF26CF322832562100B0F60B /* ForecastView.swift in Sources */ = {isa = PBXBuildFile; fileRef = DF26CF312832562100B0F60B /* ForecastView.swift */; };
		DF26CF37283256F000B0F60B /* Router.swift in Sources */ = {isa = PBXBuildFile; fileRef = DF26CF36283256F000B0F60B /* Router.swift */; };
		DF26CF392832584A00B0F60B /* ForecastDetailsView.swift in Sources */ = {isa = PBXBuildFile; fileRef = DF26CF382832584A00B0F60B /* ForecastDetailsView.swift */; };
		DF26CF3B283258EC00B0F60B /* ForecastViewModel.swift in Sources */ = {isa = PBXBuildFile; fileRef = DF26CF3A283258EC00B0F60B /* ForecastViewModel.swift */; };
		DF26CF3D2832594B00B0F60B /* DayForecastViewModel.swift in Sources */ = {isa = PBXBuildFile; fileRef = DF26CF3C2832594B00B0F60B /* DayForecastViewModel.swift */; };
		DF26CF3F28325B4700B0F60B /* ApplicationFactory.swift in Sources */ = {isa = PBXBuildFile; fileRef = DF26CF3E28325B4700B0F60B /* ApplicationFactory.swift */; };
		DF26CF422832605600B0F60B /* Color+ext.swift in Sources */ = {isa = PBXBuildFile; fileRef = DF26CF412832605600B0F60B /* Color+ext.swift */; };
		DF26CF442832621400B0F60B /* Image+ext.swift in Sources */ = {isa = PBXBuildFile; fileRef = DF26CF432832621400B0F60B /* Image+ext.swift */; };
		DF26CF472832644900B0F60B /* Text+ext.swift in Sources */ = {isa = PBXBuildFile; fileRef = DF26CF462832644900B0F60B /* Text+ext.swift */; };
		DF26CF492832651A00B0F60B /* View+ext.swift in Sources */ = {isa = PBXBuildFile; fileRef = DF26CF482832651A00B0F60B /* View+ext.swift */; };
		DF26CF4B2832769100B0F60B /* ForecastViewModelMapper.swift in Sources */ = {isa = PBXBuildFile; fileRef = DF26CF4A2832769100B0F60B /* ForecastViewModelMapper.swift */; };
		DF26CF4D28327A3B00B0F60B /* DayForecastView.swift in Sources */ = {isa = PBXBuildFile; fileRef = DF26CF4C28327A3B00B0F60B /* DayForecastView.swift */; };
		DF26CF4F28327E2D00B0F60B /* ForecastFactory.swift in Sources */ = {isa = PBXBuildFile; fileRef = DF26CF4E28327E2D00B0F60B /* ForecastFactory.swift */; };
		DF26CF5128327F3A00B0F60B /* Route.swift in Sources */ = {isa = PBXBuildFile; fileRef = DF26CF5028327F3900B0F60B /* Route.swift */; };
		DF26CF53283283ED00B0F60B /* ForecastSettingsView.swift in Sources */ = {isa = PBXBuildFile; fileRef = DF26CF52283283ED00B0F60B /* ForecastSettingsView.swift */; };
		DF26CF552832863A00B0F60B /* DefaultButtonStyle.swift in Sources */ = {isa = PBXBuildFile; fileRef = DF26CF542832863A00B0F60B /* DefaultButtonStyle.swift */; };
		DF26CF58283290FF00B0F60B /* CityDto.swift in Sources */ = {isa = PBXBuildFile; fileRef = DF26CF57283290FF00B0F60B /* CityDto.swift */; };
		DF26CF5A2832916F00B0F60B /* ConditionsDto.swift in Sources */ = {isa = PBXBuildFile; fileRef = DF26CF592832916F00B0F60B /* ConditionsDto.swift */; };
		DF26CF5C283291A300B0F60B /* TemperatureDto.swift in Sources */ = {isa = PBXBuildFile; fileRef = DF26CF5B283291A300B0F60B /* TemperatureDto.swift */; };
		DF26CF5E283291CE00B0F60B /* DayForecastDto.swift in Sources */ = {isa = PBXBuildFile; fileRef = DF26CF5D283291CE00B0F60B /* DayForecastDto.swift */; };
		DF26CF602832928000B0F60B /* ForecastDto.swift in Sources */ = {isa = PBXBuildFile; fileRef = DF26CF5F2832928000B0F60B /* ForecastDto.swift */; };
		DF26CF622832931800B0F60B /* URLSessionForecastProvider.swift in Sources */ = {isa = PBXBuildFile; fileRef = DF26CF612832931800B0F60B /* URLSessionForecastProvider.swift */; };
		DF26CF642832935800B0F60B /* URLSessionForecastProviderAdapter.swift in Sources */ = {isa = PBXBuildFile; fileRef = DF26CF632832935800B0F60B /* URLSessionForecastProviderAdapter.swift */; };
		DF26CF66283293EF00B0F60B /* URLSessionForecastProviderMapper.swift in Sources */ = {isa = PBXBuildFile; fileRef = DF26CF65283293EF00B0F60B /* URLSessionForecastProviderMapper.swift */; };
		DF26CF682832957E00B0F60B /* URLSessionForecastProviderError.swift in Sources */ = {isa = PBXBuildFile; fileRef = DF26CF672832957E00B0F60B /* URLSessionForecastProviderError.swift */; };
		DF26CF6A28329DBF00B0F60B /* UI+ext.swift in Sources */ = {isa = PBXBuildFile; fileRef = DF26CF6928329DBF00B0F60B /* UI+ext.swift */; };
		DF61FD3A2833850E0018C770 /* SQLite in Frameworks */ = {isa = PBXBuildFile; productRef = DF61FD392833850E0018C770 /* SQLite */; };
		DF61FD3C283385690018C770 /* SqlForecastRepository.swift in Sources */ = {isa = PBXBuildFile; fileRef = DF61FD3B283385690018C770 /* SqlForecastRepository.swift */; };
/* End PBXBuildFile section */

/* Begin PBXContainerItemProxy section */
		DF26CEED2832402E00B0F60B /* PBXContainerItemProxy */ = {
			isa = PBXContainerItemProxy;
			containerPortal = DF26CED42832402D00B0F60B /* Project object */;
			proxyType = 1;
			remoteGlobalIDString = DF26CEDB2832402D00B0F60B;
			remoteInfo = GoodWeather;
		};
		DF26CEF72832402E00B0F60B /* PBXContainerItemProxy */ = {
			isa = PBXContainerItemProxy;
			containerPortal = DF26CED42832402D00B0F60B /* Project object */;
			proxyType = 1;
			remoteGlobalIDString = DF26CEDB2832402D00B0F60B;
			remoteInfo = GoodWeather;
		};
/* End PBXContainerItemProxy section */

/* Begin PBXFileReference section */
		DF26CEDC2832402D00B0F60B /* GoodWeather.app */ = {isa = PBXFileReference; explicitFileType = wrapper.application; includeInIndex = 0; path = GoodWeather.app; sourceTree = BUILT_PRODUCTS_DIR; };
		DF26CEDF2832402D00B0F60B /* GoodWeatherApp.swift */ = {isa = PBXFileReference; lastKnownFileType = sourcecode.swift; path = GoodWeatherApp.swift; sourceTree = "<group>"; };
		DF26CEE12832402D00B0F60B /* RouterView.swift */ = {isa = PBXFileReference; lastKnownFileType = sourcecode.swift; path = RouterView.swift; sourceTree = "<group>"; };
		DF26CEE32832402E00B0F60B /* Assets.xcassets */ = {isa = PBXFileReference; lastKnownFileType = folder.assetcatalog; path = Assets.xcassets; sourceTree = "<group>"; };
		DF26CEE62832402E00B0F60B /* Preview Assets.xcassets */ = {isa = PBXFileReference; lastKnownFileType = folder.assetcatalog; path = "Preview Assets.xcassets"; sourceTree = "<group>"; };
		DF26CEEC2832402E00B0F60B /* GoodWeatherTests.xctest */ = {isa = PBXFileReference; explicitFileType = wrapper.cfbundle; includeInIndex = 0; path = GoodWeatherTests.xctest; sourceTree = BUILT_PRODUCTS_DIR; };
		DF26CEF02832402E00B0F60B /* GoodWeatherTests.swift */ = {isa = PBXFileReference; lastKnownFileType = sourcecode.swift; path = GoodWeatherTests.swift; sourceTree = "<group>"; };
		DF26CEF62832402E00B0F60B /* GoodWeatherUITests.xctest */ = {isa = PBXFileReference; explicitFileType = wrapper.cfbundle; includeInIndex = 0; path = GoodWeatherUITests.xctest; sourceTree = BUILT_PRODUCTS_DIR; };
		DF26CEFA2832402E00B0F60B /* GoodWeatherUITests.swift */ = {isa = PBXFileReference; lastKnownFileType = sourcecode.swift; path = GoodWeatherUITests.swift; sourceTree = "<group>"; };
		DF26CEFC2832402E00B0F60B /* GoodWeatherUITestsLaunchTests.swift */ = {isa = PBXFileReference; lastKnownFileType = sourcecode.swift; path = GoodWeatherUITestsLaunchTests.swift; sourceTree = "<group>"; };
		DF26CF0E283241E300B0F60B /* GetForecastUseCase.swift */ = {isa = PBXFileReference; lastKnownFileType = sourcecode.swift; path = GetForecastUseCase.swift; sourceTree = "<group>"; };
		DF26CF10283243F800B0F60B /* GetForecastError.swift */ = {isa = PBXFileReference; lastKnownFileType = sourcecode.swift; path = GetForecastError.swift; sourceTree = "<group>"; };
		DF26CF122832445A00B0F60B /* DayForecast.swift */ = {isa = PBXFileReference; lastKnownFileType = sourcecode.swift; path = DayForecast.swift; sourceTree = "<group>"; };
		DF26CF14283244C400B0F60B /* Forecast.swift */ = {isa = PBXFileReference; lastKnownFileType = sourcecode.swift; path = Forecast.swift; sourceTree = "<group>"; };
		DF26CF17283245DD00B0F60B /* ForecastProvider.swift */ = {isa = PBXFileReference; lastKnownFileType = sourcecode.swift; path = ForecastProvider.swift; sourceTree = "<group>"; };
		DF26CF192832465700B0F60B /* ForecastProviderError.swift */ = {isa = PBXFileReference; lastKnownFileType = sourcecode.swift; path = ForecastProviderError.swift; sourceTree = "<group>"; };
		DF26CF1C2832472D00B0F60B /* ForecastQueries.swift */ = {isa = PBXFileReference; lastKnownFileType = sourcecode.swift; path = ForecastQueries.swift; sourceTree = "<group>"; };
		DF26CF1E283247F300B0F60B /* ForecastUpdates.swift */ = {isa = PBXFileReference; lastKnownFileType = sourcecode.swift; path = ForecastUpdates.swift; sourceTree = "<group>"; };
		DF26CF212832486E00B0F60B /* LocationProvider.swift */ = {isa = PBXFileReference; lastKnownFileType = sourcecode.swift; path = LocationProvider.swift; sourceTree = "<group>"; };
		DF26CF232832494200B0F60B /* GetForecastService.swift */ = {isa = PBXFileReference; lastKnownFileType = sourcecode.swift; path = GetForecastService.swift; sourceTree = "<group>"; };
		DF26CF262832521100B0F60B /* FakeForecastProvider.swift */ = {isa = PBXFileReference; lastKnownFileType = sourcecode.swift; path = FakeForecastProvider.swift; sourceTree = "<group>"; };
		DF26CF292832535E00B0F60B /* FakeLocationProvider.swift */ = {isa = PBXFileReference; lastKnownFileType = sourcecode.swift; path = FakeLocationProvider.swift; sourceTree = "<group>"; };
		DF26CF2C2832543A00B0F60B /* FakeForecastRepository.swift */ = {isa = PBXFileReference; lastKnownFileType = sourcecode.swift; path = FakeForecastRepository.swift; sourceTree = "<group>"; };
		DF26CF312832562100B0F60B /* ForecastView.swift */ = {isa = PBXFileReference; lastKnownFileType = sourcecode.swift; path = ForecastView.swift; sourceTree = "<group>"; };
		DF26CF36283256F000B0F60B /* Router.swift */ = {isa = PBXFileReference; lastKnownFileType = sourcecode.swift; path = Router.swift; sourceTree = "<group>"; };
		DF26CF382832584A00B0F60B /* ForecastDetailsView.swift */ = {isa = PBXFileReference; lastKnownFileType = sourcecode.swift; path = ForecastDetailsView.swift; sourceTree = "<group>"; };
		DF26CF3A283258EC00B0F60B /* ForecastViewModel.swift */ = {isa = PBXFileReference; lastKnownFileType = sourcecode.swift; path = ForecastViewModel.swift; sourceTree = "<group>"; };
		DF26CF3C2832594B00B0F60B /* DayForecastViewModel.swift */ = {isa = PBXFileReference; lastKnownFileType = sourcecode.swift; path = DayForecastViewModel.swift; sourceTree = "<group>"; };
		DF26CF3E28325B4700B0F60B /* ApplicationFactory.swift */ = {isa = PBXFileReference; lastKnownFileType = sourcecode.swift; path = ApplicationFactory.swift; sourceTree = "<group>"; };
		DF26CF412832605600B0F60B /* Color+ext.swift */ = {isa = PBXFileReference; lastKnownFileType = sourcecode.swift; path = "Color+ext.swift"; sourceTree = "<group>"; };
		DF26CF432832621400B0F60B /* Image+ext.swift */ = {isa = PBXFileReference; lastKnownFileType = sourcecode.swift; path = "Image+ext.swift"; sourceTree = "<group>"; };
		DF26CF462832644900B0F60B /* Text+ext.swift */ = {isa = PBXFileReference; lastKnownFileType = sourcecode.swift; path = "Text+ext.swift"; sourceTree = "<group>"; };
		DF26CF482832651A00B0F60B /* View+ext.swift */ = {isa = PBXFileReference; lastKnownFileType = sourcecode.swift; path = "View+ext.swift"; sourceTree = "<group>"; };
		DF26CF4A2832769100B0F60B /* ForecastViewModelMapper.swift */ = {isa = PBXFileReference; fileEncoding = 4; lastKnownFileType = sourcecode.swift; path = ForecastViewModelMapper.swift; sourceTree = "<group>"; };
		DF26CF4C28327A3B00B0F60B /* DayForecastView.swift */ = {isa = PBXFileReference; lastKnownFileType = sourcecode.swift; path = DayForecastView.swift; sourceTree = "<group>"; };
		DF26CF4E28327E2D00B0F60B /* ForecastFactory.swift */ = {isa = PBXFileReference; lastKnownFileType = sourcecode.swift; path = ForecastFactory.swift; sourceTree = "<group>"; };
		DF26CF5028327F3900B0F60B /* Route.swift */ = {isa = PBXFileReference; lastKnownFileType = sourcecode.swift; path = Route.swift; sourceTree = "<group>"; };
		DF26CF52283283ED00B0F60B /* ForecastSettingsView.swift */ = {isa = PBXFileReference; lastKnownFileType = sourcecode.swift; path = ForecastSettingsView.swift; sourceTree = "<group>"; };
		DF26CF542832863A00B0F60B /* DefaultButtonStyle.swift */ = {isa = PBXFileReference; lastKnownFileType = sourcecode.swift; path = DefaultButtonStyle.swift; sourceTree = "<group>"; };
		DF26CF57283290FF00B0F60B /* CityDto.swift */ = {isa = PBXFileReference; lastKnownFileType = sourcecode.swift; path = CityDto.swift; sourceTree = "<group>"; };
		DF26CF592832916F00B0F60B /* ConditionsDto.swift */ = {isa = PBXFileReference; lastKnownFileType = sourcecode.swift; path = ConditionsDto.swift; sourceTree = "<group>"; };
		DF26CF5B283291A300B0F60B /* TemperatureDto.swift */ = {isa = PBXFileReference; lastKnownFileType = sourcecode.swift; path = TemperatureDto.swift; sourceTree = "<group>"; };
		DF26CF5D283291CE00B0F60B /* DayForecastDto.swift */ = {isa = PBXFileReference; lastKnownFileType = sourcecode.swift; path = DayForecastDto.swift; sourceTree = "<group>"; };
		DF26CF5F2832928000B0F60B /* ForecastDto.swift */ = {isa = PBXFileReference; lastKnownFileType = sourcecode.swift; path = ForecastDto.swift; sourceTree = "<group>"; };
		DF26CF612832931800B0F60B /* URLSessionForecastProvider.swift */ = {isa = PBXFileReference; lastKnownFileType = sourcecode.swift; path = URLSessionForecastProvider.swift; sourceTree = "<group>"; };
		DF26CF632832935800B0F60B /* URLSessionForecastProviderAdapter.swift */ = {isa = PBXFileReference; lastKnownFileType = sourcecode.swift; path = URLSessionForecastProviderAdapter.swift; sourceTree = "<group>"; };
		DF26CF65283293EF00B0F60B /* URLSessionForecastProviderMapper.swift */ = {isa = PBXFileReference; lastKnownFileType = sourcecode.swift; path = URLSessionForecastProviderMapper.swift; sourceTree = "<group>"; };
		DF26CF672832957E00B0F60B /* URLSessionForecastProviderError.swift */ = {isa = PBXFileReference; lastKnownFileType = sourcecode.swift; path = URLSessionForecastProviderError.swift; sourceTree = "<group>"; };
		DF26CF6928329DBF00B0F60B /* UI+ext.swift */ = {isa = PBXFileReference; lastKnownFileType = sourcecode.swift; path = "UI+ext.swift"; sourceTree = "<group>"; };
		DF61FD3B283385690018C770 /* SqlForecastRepository.swift */ = {isa = PBXFileReference; lastKnownFileType = sourcecode.swift; path = SqlForecastRepository.swift; sourceTree = "<group>"; };
/* End PBXFileReference section */

/* Begin PBXFrameworksBuildPhase section */
		DF26CED92832402D00B0F60B /* Frameworks */ = {
			isa = PBXFrameworksBuildPhase;
			buildActionMask = 2147483647;
			files = (
				DF61FD3A2833850E0018C770 /* SQLite in Frameworks */,
			);
			runOnlyForDeploymentPostprocessing = 0;
		};
		DF26CEE92832402E00B0F60B /* Frameworks */ = {
			isa = PBXFrameworksBuildPhase;
			buildActionMask = 2147483647;
			files = (
			);
			runOnlyForDeploymentPostprocessing = 0;
		};
		DF26CEF32832402E00B0F60B /* Frameworks */ = {
			isa = PBXFrameworksBuildPhase;
			buildActionMask = 2147483647;
			files = (
			);
			runOnlyForDeploymentPostprocessing = 0;
		};
/* End PBXFrameworksBuildPhase section */

/* Begin PBXGroup section */
		DF26CED32832402D00B0F60B = {
			isa = PBXGroup;
			children = (
				DF26CEDE2832402D00B0F60B /* GoodWeather */,
				DF26CEEF2832402E00B0F60B /* GoodWeatherTests */,
				DF26CEF92832402E00B0F60B /* GoodWeatherUITests */,
				DF26CEDD2832402D00B0F60B /* Products */,
			);
			sourceTree = "<group>";
		};
		DF26CEDD2832402D00B0F60B /* Products */ = {
			isa = PBXGroup;
			children = (
				DF26CEDC2832402D00B0F60B /* GoodWeather.app */,
				DF26CEEC2832402E00B0F60B /* GoodWeatherTests.xctest */,
				DF26CEF62832402E00B0F60B /* GoodWeatherUITests.xctest */,
			);
			name = Products;
			sourceTree = "<group>";
		};
		DF26CEDE2832402D00B0F60B /* GoodWeather */ = {
			isa = PBXGroup;
			children = (
				DF26CF402832604800B0F60B /* Commons */,
				DF26CF09283240C800B0F60B /* Forecast */,
				DF26CF3E28325B4700B0F60B /* ApplicationFactory.swift */,
				DF26CEDF2832402D00B0F60B /* GoodWeatherApp.swift */,
				DF26CEE12832402D00B0F60B /* RouterView.swift */,
				DF26CF5028327F3900B0F60B /* Route.swift */,
				DF26CEE32832402E00B0F60B /* Assets.xcassets */,
				DF26CEE52832402E00B0F60B /* Preview Content */,
			);
			path = GoodWeather;
			sourceTree = "<group>";
		};
		DF26CEE52832402E00B0F60B /* Preview Content */ = {
			isa = PBXGroup;
			children = (
				DF26CEE62832402E00B0F60B /* Preview Assets.xcassets */,
			);
			path = "Preview Content";
			sourceTree = "<group>";
		};
		DF26CEEF2832402E00B0F60B /* GoodWeatherTests */ = {
			isa = PBXGroup;
			children = (
				DF26CEF02832402E00B0F60B /* GoodWeatherTests.swift */,
			);
			path = GoodWeatherTests;
			sourceTree = "<group>";
		};
		DF26CEF92832402E00B0F60B /* GoodWeatherUITests */ = {
			isa = PBXGroup;
			children = (
				DF26CEFA2832402E00B0F60B /* GoodWeatherUITests.swift */,
				DF26CEFC2832402E00B0F60B /* GoodWeatherUITestsLaunchTests.swift */,
			);
			path = GoodWeatherUITests;
			sourceTree = "<group>";
		};
		DF26CF09283240C800B0F60B /* Forecast */ = {
			isa = PBXGroup;
			children = (
				DF26CF0C2832416600B0F60B /* Adapters */,
				DF26CF0A2832410F00B0F60B /* Ports */,
				DF26CF0B2832413900B0F60B /* Domain */,
				DF26CF4E28327E2D00B0F60B /* ForecastFactory.swift */,
			);
			path = Forecast;
			sourceTree = "<group>";
		};
		DF26CF0A2832410F00B0F60B /* Ports */ = {
			isa = PBXGroup;
			children = (
				DF26CF16283245AA00B0F60B /* ForecastProvider */,
				DF26CF1B283246D600B0F60B /* Persistence */,
				DF26CF202832485A00B0F60B /* LocationProvider */,
				DF26CF0D283241B900B0F60B /* UseCases */,
			);
			path = Ports;
			sourceTree = "<group>";
		};
		DF26CF0B2832413900B0F60B /* Domain */ = {
			isa = PBXGroup;
			children = (
				DF26CF122832445A00B0F60B /* DayForecast.swift */,
				DF26CF14283244C400B0F60B /* Forecast.swift */,
				DF26CF232832494200B0F60B /* GetForecastService.swift */,
			);
			path = Domain;
			sourceTree = "<group>";
		};
		DF26CF0C2832416600B0F60B /* Adapters */ = {
			isa = PBXGroup;
			children = (
				DF26CF2E2832559700B0F60B /* UserInterface */,
				DF26CF25283251EA00B0F60B /* ForecastProvider */,
				DF26CF2B2832540E00B0F60B /* Persistence */,
				DF26CF282832534300B0F60B /* LocationProvider */,
			);
			path = Adapters;
			sourceTree = "<group>";
		};
		DF26CF0D283241B900B0F60B /* UseCases */ = {
			isa = PBXGroup;
			children = (
				DF26CF0E283241E300B0F60B /* GetForecastUseCase.swift */,
				DF26CF10283243F800B0F60B /* GetForecastError.swift */,
			);
			path = UseCases;
			sourceTree = "<group>";
		};
		DF26CF16283245AA00B0F60B /* ForecastProvider */ = {
			isa = PBXGroup;
			children = (
				DF26CF17283245DD00B0F60B /* ForecastProvider.swift */,
				DF26CF192832465700B0F60B /* ForecastProviderError.swift */,
			);
			path = ForecastProvider;
			sourceTree = "<group>";
		};
		DF26CF1B283246D600B0F60B /* Persistence */ = {
			isa = PBXGroup;
			children = (
				DF26CF1C2832472D00B0F60B /* ForecastQueries.swift */,
				DF26CF1E283247F300B0F60B /* ForecastUpdates.swift */,
			);
			path = Persistence;
			sourceTree = "<group>";
		};
		DF26CF202832485A00B0F60B /* LocationProvider */ = {
			isa = PBXGroup;
			children = (
				DF26CF212832486E00B0F60B /* LocationProvider.swift */,
			);
			path = LocationProvider;
			sourceTree = "<group>";
		};
		DF26CF25283251EA00B0F60B /* ForecastProvider */ = {
			isa = PBXGroup;
			children = (
				DF26CF56283290AD00B0F60B /* OpenWeather */,
				DF26CF262832521100B0F60B /* FakeForecastProvider.swift */,
			);
			path = ForecastProvider;
			sourceTree = "<group>";
		};
		DF26CF282832534300B0F60B /* LocationProvider */ = {
			isa = PBXGroup;
			children = (
				DF26CF292832535E00B0F60B /* FakeLocationProvider.swift */,
			);
			path = LocationProvider;
			sourceTree = "<group>";
		};
		DF26CF2B2832540E00B0F60B /* Persistence */ = {
			isa = PBXGroup;
			children = (
				DF26CF2C2832543A00B0F60B /* FakeForecastRepository.swift */,
				DF61FD3B283385690018C770 /* SqlForecastRepository.swift */,
			);
			path = Persistence;
			sourceTree = "<group>";
		};
		DF26CF2E2832559700B0F60B /* UserInterface */ = {
			isa = PBXGroup;
			children = (
				DF26CF30283255E200B0F60B /* Views */,
				DF26CF2F283255D600B0F60B /* ViewModels */,
			);
			path = UserInterface;
			sourceTree = "<group>";
		};
		DF26CF2F283255D600B0F60B /* ViewModels */ = {
			isa = PBXGroup;
			children = (
				DF26CF3A283258EC00B0F60B /* ForecastViewModel.swift */,
				DF26CF4A2832769100B0F60B /* ForecastViewModelMapper.swift */,
				DF26CF3C2832594B00B0F60B /* DayForecastViewModel.swift */,
			);
			path = ViewModels;
			sourceTree = "<group>";
		};
		DF26CF30283255E200B0F60B /* Views */ = {
			isa = PBXGroup;
			children = (
				DF26CF312832562100B0F60B /* ForecastView.swift */,
				DF26CF4C28327A3B00B0F60B /* DayForecastView.swift */,
				DF26CF382832584A00B0F60B /* ForecastDetailsView.swift */,
				DF26CF52283283ED00B0F60B /* ForecastSettingsView.swift */,
			);
			path = Views;
			sourceTree = "<group>";
		};
		DF26CF402832604800B0F60B /* Commons */ = {
			isa = PBXGroup;
			children = (
				DF26CF452832636400B0F60B /* UserInterface */,
			);
			path = Commons;
			sourceTree = "<group>";
		};
		DF26CF452832636400B0F60B /* UserInterface */ = {
			isa = PBXGroup;
			children = (
				DF26CF36283256F000B0F60B /* Router.swift */,
				DF26CF412832605600B0F60B /* Color+ext.swift */,
				DF26CF432832621400B0F60B /* Image+ext.swift */,
				DF26CF462832644900B0F60B /* Text+ext.swift */,
				DF26CF482832651A00B0F60B /* View+ext.swift */,
				DF26CF542832863A00B0F60B /* DefaultButtonStyle.swift */,
				DF26CF6928329DBF00B0F60B /* UI+ext.swift */,
			);
			path = UserInterface;
			sourceTree = "<group>";
		};
		DF26CF56283290AD00B0F60B /* OpenWeather */ = {
			isa = PBXGroup;
			children = (
				DF26CF57283290FF00B0F60B /* CityDto.swift */,
				DF26CF592832916F00B0F60B /* ConditionsDto.swift */,
				DF26CF5B283291A300B0F60B /* TemperatureDto.swift */,
				DF26CF5D283291CE00B0F60B /* DayForecastDto.swift */,
				DF26CF5F2832928000B0F60B /* ForecastDto.swift */,
				DF26CF612832931800B0F60B /* URLSessionForecastProvider.swift */,
				DF26CF632832935800B0F60B /* URLSessionForecastProviderAdapter.swift */,
				DF26CF65283293EF00B0F60B /* URLSessionForecastProviderMapper.swift */,
				DF26CF672832957E00B0F60B /* URLSessionForecastProviderError.swift */,
			);
			path = OpenWeather;
			sourceTree = "<group>";
		};
/* End PBXGroup section */

/* Begin PBXNativeTarget section */
		DF26CEDB2832402D00B0F60B /* GoodWeather */ = {
			isa = PBXNativeTarget;
			buildConfigurationList = DF26CF002832402E00B0F60B /* Build configuration list for PBXNativeTarget "GoodWeather" */;
			buildPhases = (
				DF26CED82832402D00B0F60B /* Sources */,
				DF26CED92832402D00B0F60B /* Frameworks */,
				DF26CEDA2832402D00B0F60B /* Resources */,
			);
			buildRules = (
			);
			dependencies = (
			);
			name = GoodWeather;
			packageProductDependencies = (
				DF61FD392833850E0018C770 /* SQLite */,
			);
			productName = GoodWeather;
			productReference = DF26CEDC2832402D00B0F60B /* GoodWeather.app */;
			productType = "com.apple.product-type.application";
		};
		DF26CEEB2832402E00B0F60B /* GoodWeatherTests */ = {
			isa = PBXNativeTarget;
			buildConfigurationList = DF26CF032832402E00B0F60B /* Build configuration list for PBXNativeTarget "GoodWeatherTests" */;
			buildPhases = (
				DF26CEE82832402E00B0F60B /* Sources */,
				DF26CEE92832402E00B0F60B /* Frameworks */,
				DF26CEEA2832402E00B0F60B /* Resources */,
			);
			buildRules = (
			);
			dependencies = (
				DF26CEEE2832402E00B0F60B /* PBXTargetDependency */,
			);
			name = GoodWeatherTests;
			productName = GoodWeatherTests;
			productReference = DF26CEEC2832402E00B0F60B /* GoodWeatherTests.xctest */;
			productType = "com.apple.product-type.bundle.unit-test";
		};
		DF26CEF52832402E00B0F60B /* GoodWeatherUITests */ = {
			isa = PBXNativeTarget;
			buildConfigurationList = DF26CF062832402E00B0F60B /* Build configuration list for PBXNativeTarget "GoodWeatherUITests" */;
			buildPhases = (
				DF26CEF22832402E00B0F60B /* Sources */,
				DF26CEF32832402E00B0F60B /* Frameworks */,
				DF26CEF42832402E00B0F60B /* Resources */,
			);
			buildRules = (
			);
			dependencies = (
				DF26CEF82832402E00B0F60B /* PBXTargetDependency */,
			);
			name = GoodWeatherUITests;
			productName = GoodWeatherUITests;
			productReference = DF26CEF62832402E00B0F60B /* GoodWeatherUITests.xctest */;
			productType = "com.apple.product-type.bundle.ui-testing";
		};
/* End PBXNativeTarget section */

/* Begin PBXProject section */
		DF26CED42832402D00B0F60B /* Project object */ = {
			isa = PBXProject;
			attributes = {
				BuildIndependentTargetsInParallel = 1;
				LastSwiftUpdateCheck = 1330;
				LastUpgradeCheck = 1330;
				TargetAttributes = {
					DF26CEDB2832402D00B0F60B = {
						CreatedOnToolsVersion = 13.3.1;
					};
					DF26CEEB2832402E00B0F60B = {
						CreatedOnToolsVersion = 13.3.1;
						TestTargetID = DF26CEDB2832402D00B0F60B;
					};
					DF26CEF52832402E00B0F60B = {
						CreatedOnToolsVersion = 13.3.1;
						TestTargetID = DF26CEDB2832402D00B0F60B;
					};
				};
			};
			buildConfigurationList = DF26CED72832402D00B0F60B /* Build configuration list for PBXProject "GoodWeather" */;
			compatibilityVersion = "Xcode 13.0";
			developmentRegion = en;
			hasScannedForEncodings = 0;
			knownRegions = (
				en,
				Base,
			);
			mainGroup = DF26CED32832402D00B0F60B;
			packageReferences = (
				DF61FD382833850E0018C770 /* XCRemoteSwiftPackageReference "SQLite.swift" */,
			);
			productRefGroup = DF26CEDD2832402D00B0F60B /* Products */;
			projectDirPath = "";
			projectRoot = "";
			targets = (
				DF26CEDB2832402D00B0F60B /* GoodWeather */,
				DF26CEEB2832402E00B0F60B /* GoodWeatherTests */,
				DF26CEF52832402E00B0F60B /* GoodWeatherUITests */,
			);
		};
/* End PBXProject section */

/* Begin PBXResourcesBuildPhase section */
		DF26CEDA2832402D00B0F60B /* Resources */ = {
			isa = PBXResourcesBuildPhase;
			buildActionMask = 2147483647;
			files = (
				DF26CEE72832402E00B0F60B /* Preview Assets.xcassets in Resources */,
				DF26CEE42832402E00B0F60B /* Assets.xcassets in Resources */,
			);
			runOnlyForDeploymentPostprocessing = 0;
		};
		DF26CEEA2832402E00B0F60B /* Resources */ = {
			isa = PBXResourcesBuildPhase;
			buildActionMask = 2147483647;
			files = (
			);
			runOnlyForDeploymentPostprocessing = 0;
		};
		DF26CEF42832402E00B0F60B /* Resources */ = {
			isa = PBXResourcesBuildPhase;
			buildActionMask = 2147483647;
			files = (
			);
			runOnlyForDeploymentPostprocessing = 0;
		};
/* End PBXResourcesBuildPhase section */

/* Begin PBXSourcesBuildPhase section */
		DF26CED82832402D00B0F60B /* Sources */ = {
			isa = PBXSourcesBuildPhase;
			buildActionMask = 2147483647;
			files = (
				DF26CF2A2832535E00B0F60B /* FakeLocationProvider.swift in Sources */,
				DF26CEE22832402D00B0F60B /* RouterView.swift in Sources */,
				DF26CF66283293EF00B0F60B /* URLSessionForecastProviderMapper.swift in Sources */,
				DF26CF53283283ED00B0F60B /* ForecastSettingsView.swift in Sources */,
				DF26CF4B2832769100B0F60B /* ForecastViewModelMapper.swift in Sources */,
				DF26CF5128327F3A00B0F60B /* Route.swift in Sources */,
				DF26CF422832605600B0F60B /* Color+ext.swift in Sources */,
				DF26CF602832928000B0F60B /* ForecastDto.swift in Sources */,
				DF26CF5A2832916F00B0F60B /* ConditionsDto.swift in Sources */,
				DF26CF4D28327A3B00B0F60B /* DayForecastView.swift in Sources */,
				DF26CF472832644900B0F60B /* Text+ext.swift in Sources */,
				DF26CF682832957E00B0F60B /* URLSessionForecastProviderError.swift in Sources */,
				DF26CF6A28329DBF00B0F60B /* UI+ext.swift in Sources */,
				DF26CF58283290FF00B0F60B /* CityDto.swift in Sources */,
				DF26CF272832521100B0F60B /* FakeForecastProvider.swift in Sources */,
				DF26CF2D2832543A00B0F60B /* FakeForecastRepository.swift in Sources */,
				DF26CF37283256F000B0F60B /* Router.swift in Sources */,
				DF26CEE02832402D00B0F60B /* GoodWeatherApp.swift in Sources */,
				DF26CF1A2832465700B0F60B /* ForecastProviderError.swift in Sources */,
				DF26CF242832494200B0F60B /* GetForecastService.swift in Sources */,
				DF26CF492832651A00B0F60B /* View+ext.swift in Sources */,
				DF26CF11283243F800B0F60B /* GetForecastError.swift in Sources */,
				DF26CF3B283258EC00B0F60B /* ForecastViewModel.swift in Sources */,
				DF26CF622832931800B0F60B /* URLSessionForecastProvider.swift in Sources */,
				DF26CF18283245DD00B0F60B /* ForecastProvider.swift in Sources */,
				DF26CF642832935800B0F60B /* URLSessionForecastProviderAdapter.swift in Sources */,
				DF26CF3F28325B4700B0F60B /* ApplicationFactory.swift in Sources */,
				DF26CF552832863A00B0F60B /* DefaultButtonStyle.swift in Sources */,
				DF26CF4F28327E2D00B0F60B /* ForecastFactory.swift in Sources */,
				DF26CF392832584A00B0F60B /* ForecastDetailsView.swift in Sources */,
				DF26CF222832486E00B0F60B /* LocationProvider.swift in Sources */,
				DF26CF5E283291CE00B0F60B /* DayForecastDto.swift in Sources */,
				DF26CF1F283247F300B0F60B /* ForecastUpdates.swift in Sources */,
				DF26CF5C283291A300B0F60B /* TemperatureDto.swift in Sources */,
				DF26CF442832621400B0F60B /* Image+ext.swift in Sources */,
				DF61FD3C283385690018C770 /* SqlForecastRepository.swift in Sources */,
				DF26CF132832445A00B0F60B /* DayForecast.swift in Sources */,
				DF26CF15283244C400B0F60B /* Forecast.swift in Sources */,
				DF26CF1D2832472D00B0F60B /* ForecastQueries.swift in Sources */,
				DF26CF3D2832594B00B0F60B /* DayForecastViewModel.swift in Sources */,
				DF26CF0F283241E300B0F60B /* GetForecastUseCase.swift in Sources */,
				DF26CF322832562100B0F60B /* ForecastView.swift in Sources */,
			);
			runOnlyForDeploymentPostprocessing = 0;
		};
		DF26CEE82832402E00B0F60B /* Sources */ = {
			isa = PBXSourcesBuildPhase;
			buildActionMask = 2147483647;
			files = (
				DF26CEF12832402E00B0F60B /* GoodWeatherTests.swift in Sources */,
			);
			runOnlyForDeploymentPostprocessing = 0;
		};
		DF26CEF22832402E00B0F60B /* Sources */ = {
			isa = PBXSourcesBuildPhase;
			buildActionMask = 2147483647;
			files = (
				DF26CEFD2832402E00B0F60B /* GoodWeatherUITestsLaunchTests.swift in Sources */,
				DF26CEFB2832402E00B0F60B /* GoodWeatherUITests.swift in Sources */,
			);
			runOnlyForDeploymentPostprocessing = 0;
		};
/* End PBXSourcesBuildPhase section */

/* Begin PBXTargetDependency section */
		DF26CEEE2832402E00B0F60B /* PBXTargetDependency */ = {
			isa = PBXTargetDependency;
			target = DF26CEDB2832402D00B0F60B /* GoodWeather */;
			targetProxy = DF26CEED2832402E00B0F60B /* PBXContainerItemProxy */;
		};
		DF26CEF82832402E00B0F60B /* PBXTargetDependency */ = {
			isa = PBXTargetDependency;
			target = DF26CEDB2832402D00B0F60B /* GoodWeather */;
			targetProxy = DF26CEF72832402E00B0F60B /* PBXContainerItemProxy */;
		};
/* End PBXTargetDependency section */

/* Begin XCBuildConfiguration section */
		DF26CEFE2832402E00B0F60B /* Debug */ = {
			isa = XCBuildConfiguration;
			buildSettings = {
				ALWAYS_SEARCH_USER_PATHS = NO;
				CLANG_ANALYZER_NONNULL = YES;
				CLANG_ANALYZER_NUMBER_OBJECT_CONVERSION = YES_AGGRESSIVE;
				CLANG_CXX_LANGUAGE_STANDARD = "gnu++17";
				CLANG_ENABLE_MODULES = YES;
				CLANG_ENABLE_OBJC_ARC = YES;
				CLANG_ENABLE_OBJC_WEAK = YES;
				CLANG_WARN_BLOCK_CAPTURE_AUTORELEASING = YES;
				CLANG_WARN_BOOL_CONVERSION = YES;
				CLANG_WARN_COMMA = YES;
				CLANG_WARN_CONSTANT_CONVERSION = YES;
				CLANG_WARN_DEPRECATED_OBJC_IMPLEMENTATIONS = YES;
				CLANG_WARN_DIRECT_OBJC_ISA_USAGE = YES_ERROR;
				CLANG_WARN_DOCUMENTATION_COMMENTS = YES;
				CLANG_WARN_EMPTY_BODY = YES;
				CLANG_WARN_ENUM_CONVERSION = YES;
				CLANG_WARN_INFINITE_RECURSION = YES;
				CLANG_WARN_INT_CONVERSION = YES;
				CLANG_WARN_NON_LITERAL_NULL_CONVERSION = YES;
				CLANG_WARN_OBJC_IMPLICIT_RETAIN_SELF = YES;
				CLANG_WARN_OBJC_LITERAL_CONVERSION = YES;
				CLANG_WARN_OBJC_ROOT_CLASS = YES_ERROR;
				CLANG_WARN_QUOTED_INCLUDE_IN_FRAMEWORK_HEADER = YES;
				CLANG_WARN_RANGE_LOOP_ANALYSIS = YES;
				CLANG_WARN_STRICT_PROTOTYPES = YES;
				CLANG_WARN_SUSPICIOUS_MOVE = YES;
				CLANG_WARN_UNGUARDED_AVAILABILITY = YES_AGGRESSIVE;
				CLANG_WARN_UNREACHABLE_CODE = YES;
				CLANG_WARN__DUPLICATE_METHOD_MATCH = YES;
				COPY_PHASE_STRIP = NO;
				DEBUG_INFORMATION_FORMAT = dwarf;
				ENABLE_STRICT_OBJC_MSGSEND = YES;
				ENABLE_TESTABILITY = YES;
				GCC_C_LANGUAGE_STANDARD = gnu11;
				GCC_DYNAMIC_NO_PIC = NO;
				GCC_NO_COMMON_BLOCKS = YES;
				GCC_OPTIMIZATION_LEVEL = 0;
				GCC_PREPROCESSOR_DEFINITIONS = (
					"DEBUG=1",
					"$(inherited)",
				);
				GCC_WARN_64_TO_32_BIT_CONVERSION = YES;
				GCC_WARN_ABOUT_RETURN_TYPE = YES_ERROR;
				GCC_WARN_UNDECLARED_SELECTOR = YES;
				GCC_WARN_UNINITIALIZED_AUTOS = YES_AGGRESSIVE;
				GCC_WARN_UNUSED_FUNCTION = YES;
				GCC_WARN_UNUSED_VARIABLE = YES;
				IPHONEOS_DEPLOYMENT_TARGET = 15.4;
				MTL_ENABLE_DEBUG_INFO = INCLUDE_SOURCE;
				MTL_FAST_MATH = YES;
				ONLY_ACTIVE_ARCH = YES;
				SDKROOT = iphoneos;
				SWIFT_ACTIVE_COMPILATION_CONDITIONS = DEBUG;
				SWIFT_OPTIMIZATION_LEVEL = "-Onone";
			};
			name = Debug;
		};
		DF26CEFF2832402E00B0F60B /* Release */ = {
			isa = XCBuildConfiguration;
			buildSettings = {
				ALWAYS_SEARCH_USER_PATHS = NO;
				CLANG_ANALYZER_NONNULL = YES;
				CLANG_ANALYZER_NUMBER_OBJECT_CONVERSION = YES_AGGRESSIVE;
				CLANG_CXX_LANGUAGE_STANDARD = "gnu++17";
				CLANG_ENABLE_MODULES = YES;
				CLANG_ENABLE_OBJC_ARC = YES;
				CLANG_ENABLE_OBJC_WEAK = YES;
				CLANG_WARN_BLOCK_CAPTURE_AUTORELEASING = YES;
				CLANG_WARN_BOOL_CONVERSION = YES;
				CLANG_WARN_COMMA = YES;
				CLANG_WARN_CONSTANT_CONVERSION = YES;
				CLANG_WARN_DEPRECATED_OBJC_IMPLEMENTATIONS = YES;
				CLANG_WARN_DIRECT_OBJC_ISA_USAGE = YES_ERROR;
				CLANG_WARN_DOCUMENTATION_COMMENTS = YES;
				CLANG_WARN_EMPTY_BODY = YES;
				CLANG_WARN_ENUM_CONVERSION = YES;
				CLANG_WARN_INFINITE_RECURSION = YES;
				CLANG_WARN_INT_CONVERSION = YES;
				CLANG_WARN_NON_LITERAL_NULL_CONVERSION = YES;
				CLANG_WARN_OBJC_IMPLICIT_RETAIN_SELF = YES;
				CLANG_WARN_OBJC_LITERAL_CONVERSION = YES;
				CLANG_WARN_OBJC_ROOT_CLASS = YES_ERROR;
				CLANG_WARN_QUOTED_INCLUDE_IN_FRAMEWORK_HEADER = YES;
				CLANG_WARN_RANGE_LOOP_ANALYSIS = YES;
				CLANG_WARN_STRICT_PROTOTYPES = YES;
				CLANG_WARN_SUSPICIOUS_MOVE = YES;
				CLANG_WARN_UNGUARDED_AVAILABILITY = YES_AGGRESSIVE;
				CLANG_WARN_UNREACHABLE_CODE = YES;
				CLANG_WARN__DUPLICATE_METHOD_MATCH = YES;
				COPY_PHASE_STRIP = NO;
				DEBUG_INFORMATION_FORMAT = "dwarf-with-dsym";
				ENABLE_NS_ASSERTIONS = NO;
				ENABLE_STRICT_OBJC_MSGSEND = YES;
				GCC_C_LANGUAGE_STANDARD = gnu11;
				GCC_NO_COMMON_BLOCKS = YES;
				GCC_WARN_64_TO_32_BIT_CONVERSION = YES;
				GCC_WARN_ABOUT_RETURN_TYPE = YES_ERROR;
				GCC_WARN_UNDECLARED_SELECTOR = YES;
				GCC_WARN_UNINITIALIZED_AUTOS = YES_AGGRESSIVE;
				GCC_WARN_UNUSED_FUNCTION = YES;
				GCC_WARN_UNUSED_VARIABLE = YES;
				IPHONEOS_DEPLOYMENT_TARGET = 15.4;
				MTL_ENABLE_DEBUG_INFO = NO;
				MTL_FAST_MATH = YES;
				SDKROOT = iphoneos;
				SWIFT_COMPILATION_MODE = wholemodule;
				SWIFT_OPTIMIZATION_LEVEL = "-O";
				VALIDATE_PRODUCT = YES;
			};
			name = Release;
		};
		DF26CF012832402E00B0F60B /* Debug */ = {
			isa = XCBuildConfiguration;
			buildSettings = {
				ASSETCATALOG_COMPILER_APPICON_NAME = AppIcon;
				ASSETCATALOG_COMPILER_GLOBAL_ACCENT_COLOR_NAME = AccentColor;
				CODE_SIGN_STYLE = Automatic;
				CURRENT_PROJECT_VERSION = 1;
				DEVELOPMENT_ASSET_PATHS = "\"GoodWeather/Preview Content\"";
				DEVELOPMENT_TEAM = 34A9J24W7Y;
				ENABLE_PREVIEWS = YES;
				GENERATE_INFOPLIST_FILE = YES;
				INFOPLIST_KEY_UIApplicationSceneManifest_Generation = YES;
				INFOPLIST_KEY_UIApplicationSupportsIndirectInputEvents = YES;
				INFOPLIST_KEY_UILaunchScreen_Generation = YES;
				INFOPLIST_KEY_UISupportedInterfaceOrientations_iPad = "UIInterfaceOrientationPortrait UIInterfaceOrientationPortraitUpsideDown UIInterfaceOrientationLandscapeLeft UIInterfaceOrientationLandscapeRight";
				INFOPLIST_KEY_UISupportedInterfaceOrientations_iPhone = "UIInterfaceOrientationPortrait UIInterfaceOrientationLandscapeLeft UIInterfaceOrientationLandscapeRight";
				LD_RUNPATH_SEARCH_PATHS = (
					"$(inherited)",
					"@executable_path/Frameworks",
				);
				MARKETING_VERSION = 1.0;
				PRODUCT_BUNDLE_IDENTIFIER = "Inbright--ukasz-Andrzejewski.GoodWeather";
				PRODUCT_NAME = "$(TARGET_NAME)";
				SWIFT_EMIT_LOC_STRINGS = YES;
				SWIFT_VERSION = 5.0;
				TARGETED_DEVICE_FAMILY = "1,2";
			};
			name = Debug;
		};
		DF26CF022832402E00B0F60B /* Release */ = {
			isa = XCBuildConfiguration;
			buildSettings = {
				ASSETCATALOG_COMPILER_APPICON_NAME = AppIcon;
				ASSETCATALOG_COMPILER_GLOBAL_ACCENT_COLOR_NAME = AccentColor;
				CODE_SIGN_STYLE = Automatic;
				CURRENT_PROJECT_VERSION = 1;
				DEVELOPMENT_ASSET_PATHS = "\"GoodWeather/Preview Content\"";
				DEVELOPMENT_TEAM = 34A9J24W7Y;
				ENABLE_PREVIEWS = YES;
				GENERATE_INFOPLIST_FILE = YES;
				INFOPLIST_KEY_UIApplicationSceneManifest_Generation = YES;
				INFOPLIST_KEY_UIApplicationSupportsIndirectInputEvents = YES;
				INFOPLIST_KEY_UILaunchScreen_Generation = YES;
				INFOPLIST_KEY_UISupportedInterfaceOrientations_iPad = "UIInterfaceOrientationPortrait UIInterfaceOrientationPortraitUpsideDown UIInterfaceOrientationLandscapeLeft UIInterfaceOrientationLandscapeRight";
				INFOPLIST_KEY_UISupportedInterfaceOrientations_iPhone = "UIInterfaceOrientationPortrait UIInterfaceOrientationLandscapeLeft UIInterfaceOrientationLandscapeRight";
				LD_RUNPATH_SEARCH_PATHS = (
					"$(inherited)",
					"@executable_path/Frameworks",
				);
				MARKETING_VERSION = 1.0;
				PRODUCT_BUNDLE_IDENTIFIER = "Inbright--ukasz-Andrzejewski.GoodWeather";
				PRODUCT_NAME = "$(TARGET_NAME)";
				SWIFT_EMIT_LOC_STRINGS = YES;
				SWIFT_VERSION = 5.0;
				TARGETED_DEVICE_FAMILY = "1,2";
			};
			name = Release;
		};
		DF26CF042832402E00B0F60B /* Debug */ = {
			isa = XCBuildConfiguration;
			buildSettings = {
				ALWAYS_EMBED_SWIFT_STANDARD_LIBRARIES = YES;
				BUNDLE_LOADER = "$(TEST_HOST)";
				CODE_SIGN_STYLE = Automatic;
				CURRENT_PROJECT_VERSION = 1;
				DEVELOPMENT_TEAM = 34A9J24W7Y;
				GENERATE_INFOPLIST_FILE = YES;
				IPHONEOS_DEPLOYMENT_TARGET = 15.4;
				MARKETING_VERSION = 1.0;
				PRODUCT_BUNDLE_IDENTIFIER = "Inbright--ukasz-Andrzejewski.GoodWeatherTests";
				PRODUCT_NAME = "$(TARGET_NAME)";
				SWIFT_EMIT_LOC_STRINGS = NO;
				SWIFT_VERSION = 5.0;
				TARGETED_DEVICE_FAMILY = "1,2";
				TEST_HOST = "$(BUILT_PRODUCTS_DIR)/GoodWeather.app/GoodWeather";
			};
			name = Debug;
		};
		DF26CF052832402E00B0F60B /* Release */ = {
			isa = XCBuildConfiguration;
			buildSettings = {
				ALWAYS_EMBED_SWIFT_STANDARD_LIBRARIES = YES;
				BUNDLE_LOADER = "$(TEST_HOST)";
				CODE_SIGN_STYLE = Automatic;
				CURRENT_PROJECT_VERSION = 1;
				DEVELOPMENT_TEAM = 34A9J24W7Y;
				GENERATE_INFOPLIST_FILE = YES;
				IPHONEOS_DEPLOYMENT_TARGET = 15.4;
				MARKETING_VERSION = 1.0;
				PRODUCT_BUNDLE_IDENTIFIER = "Inbright--ukasz-Andrzejewski.GoodWeatherTests";
				PRODUCT_NAME = "$(TARGET_NAME)";
				SWIFT_EMIT_LOC_STRINGS = NO;
				SWIFT_VERSION = 5.0;
				TARGETED_DEVICE_FAMILY = "1,2";
				TEST_HOST = "$(BUILT_PRODUCTS_DIR)/GoodWeather.app/GoodWeather";
			};
			name = Release;
		};
		DF26CF072832402E00B0F60B /* Debug */ = {
			isa = XCBuildConfiguration;
			buildSettings = {
				ALWAYS_EMBED_SWIFT_STANDARD_LIBRARIES = YES;
				CODE_SIGN_STYLE = Automatic;
				CURRENT_PROJECT_VERSION = 1;
				DEVELOPMENT_TEAM = 34A9J24W7Y;
				GENERATE_INFOPLIST_FILE = YES;
				MARKETING_VERSION = 1.0;
				PRODUCT_BUNDLE_IDENTIFIER = "Inbright--ukasz-Andrzejewski.GoodWeatherUITests";
				PRODUCT_NAME = "$(TARGET_NAME)";
				SWIFT_EMIT_LOC_STRINGS = NO;
				SWIFT_VERSION = 5.0;
				TARGETED_DEVICE_FAMILY = "1,2";
				TEST_TARGET_NAME = GoodWeather;
			};
			name = Debug;
		};
		DF26CF082832402E00B0F60B /* Release */ = {
			isa = XCBuildConfiguration;
			buildSettings = {
				ALWAYS_EMBED_SWIFT_STANDARD_LIBRARIES = YES;
				CODE_SIGN_STYLE = Automatic;
				CURRENT_PROJECT_VERSION = 1;
				DEVELOPMENT_TEAM = 34A9J24W7Y;
				GENERATE_INFOPLIST_FILE = YES;
				MARKETING_VERSION = 1.0;
				PRODUCT_BUNDLE_IDENTIFIER = "Inbright--ukasz-Andrzejewski.GoodWeatherUITests";
				PRODUCT_NAME = "$(TARGET_NAME)";
				SWIFT_EMIT_LOC_STRINGS = NO;
				SWIFT_VERSION = 5.0;
				TARGETED_DEVICE_FAMILY = "1,2";
				TEST_TARGET_NAME = GoodWeather;
			};
			name = Release;
		};
/* End XCBuildConfiguration section */

/* Begin XCConfigurationList section */
		DF26CED72832402D00B0F60B /* Build configuration list for PBXProject "GoodWeather" */ = {
			isa = XCConfigurationList;
			buildConfigurations = (
				DF26CEFE2832402E00B0F60B /* Debug */,
				DF26CEFF2832402E00B0F60B /* Release */,
			);
			defaultConfigurationIsVisible = 0;
			defaultConfigurationName = Release;
		};
		DF26CF002832402E00B0F60B /* Build configuration list for PBXNativeTarget "GoodWeather" */ = {
			isa = XCConfigurationList;
			buildConfigurations = (
				DF26CF012832402E00B0F60B /* Debug */,
				DF26CF022832402E00B0F60B /* Release */,
			);
			defaultConfigurationIsVisible = 0;
			defaultConfigurationName = Release;
		};
		DF26CF032832402E00B0F60B /* Build configuration list for PBXNativeTarget "GoodWeatherTests" */ = {
			isa = XCConfigurationList;
			buildConfigurations = (
				DF26CF042832402E00B0F60B /* Debug */,
				DF26CF052832402E00B0F60B /* Release */,
			);
			defaultConfigurationIsVisible = 0;
			defaultConfigurationName = Release;
		};
		DF26CF062832402E00B0F60B /* Build configuration list for PBXNativeTarget "GoodWeatherUITests" */ = {
			isa = XCConfigurationList;
			buildConfigurations = (
				DF26CF072832402E00B0F60B /* Debug */,
				DF26CF082832402E00B0F60B /* Release */,
			);
			defaultConfigurationIsVisible = 0;
			defaultConfigurationName = Release;
		};
/* End XCConfigurationList section */

/* Begin XCRemoteSwiftPackageReference section */
		DF61FD382833850E0018C770 /* XCRemoteSwiftPackageReference "SQLite.swift" */ = {
			isa = XCRemoteSwiftPackageReference;
			repositoryURL = "https://github.com/stephencelis/SQLite.swift.git";
			requirement = {
				kind = upToNextMajorVersion;
				minimumVersion = 0.9.2;
			};
		};
/* End XCRemoteSwiftPackageReference section */

/* Begin XCSwiftPackageProductDependency section */
		DF61FD392833850E0018C770 /* SQLite */ = {
			isa = XCSwiftPackageProductDependency;
			package = DF61FD382833850E0018C770 /* XCRemoteSwiftPackageReference "SQLite.swift" */;
			productName = SQLite;
		};
/* End XCSwiftPackageProductDependency section */
	};
	rootObject = DF26CED42832402D00B0F60B /* Project object */;
}
